// !$*UTF8*$!
{
	archiveVersion = 1;
	classes = {
	};
	objectVersion = 56;
	objects = {

/* Begin PBXBuildFile section */
		842EABF329D831DA0014C8F8 /* Protecto_PassApp.swift in Sources */ = {isa = PBXBuildFile; fileRef = 842EABF229D831DA0014C8F8 /* Protecto_PassApp.swift */; };
		842EABF529D831DA0014C8F8 /* ContentView.swift in Sources */ = {isa = PBXBuildFile; fileRef = 842EABF429D831DA0014C8F8 /* ContentView.swift */; };
		842EABF729D831DB0014C8F8 /* Assets.xcassets in Resources */ = {isa = PBXBuildFile; fileRef = 842EABF629D831DB0014C8F8 /* Assets.xcassets */; };
		842EABFA29D831DB0014C8F8 /* Preview Assets.xcassets in Resources */ = {isa = PBXBuildFile; fileRef = 842EABF929D831DB0014C8F8 /* Preview Assets.xcassets */; };
		842EABFC29D831DB0014C8F8 /* Persistence.swift in Sources */ = {isa = PBXBuildFile; fileRef = 842EABFB29D831DB0014C8F8 /* Persistence.swift */; };
		842EABFF29D831DB0014C8F8 /* Protecto_Pass.xcdatamodeld in Sources */ = {isa = PBXBuildFile; fileRef = 842EABFD29D831DB0014C8F8 /* Protecto_Pass.xcdatamodeld */; };
		842EAC0A29D831DB0014C8F8 /* Protecto_PassTests.swift in Sources */ = {isa = PBXBuildFile; fileRef = 842EAC0929D831DB0014C8F8 /* Protecto_PassTests.swift */; };
		842EAC1429D831DB0014C8F8 /* Protecto_PassUITests.swift in Sources */ = {isa = PBXBuildFile; fileRef = 842EAC1329D831DB0014C8F8 /* Protecto_PassUITests.swift */; };
		842EAC1629D831DB0014C8F8 /* Protecto_PassUITestsLaunchTests.swift in Sources */ = {isa = PBXBuildFile; fileRef = 842EAC1529D831DB0014C8F8 /* Protecto_PassUITestsLaunchTests.swift */; };
/* End PBXBuildFile section */

/* Begin PBXContainerItemProxy section */
		842EAC0629D831DB0014C8F8 /* PBXContainerItemProxy */ = {
			isa = PBXContainerItemProxy;
			containerPortal = 842EABE729D831DA0014C8F8 /* Project object */;
			proxyType = 1;
			remoteGlobalIDString = 842EABEE29D831DA0014C8F8;
			remoteInfo = "Protecto Pass";
		};
		842EAC1029D831DB0014C8F8 /* PBXContainerItemProxy */ = {
			isa = PBXContainerItemProxy;
			containerPortal = 842EABE729D831DA0014C8F8 /* Project object */;
			proxyType = 1;
			remoteGlobalIDString = 842EABEE29D831DA0014C8F8;
			remoteInfo = "Protecto Pass";
		};
/* End PBXContainerItemProxy section */

/* Begin PBXFileReference section */
		842EABEF29D831DA0014C8F8 /* Protecto Pass.app */ = {isa = PBXFileReference; explicitFileType = wrapper.application; includeInIndex = 0; path = "Protecto Pass.app"; sourceTree = BUILT_PRODUCTS_DIR; };
		842EABF229D831DA0014C8F8 /* Protecto_PassApp.swift */ = {isa = PBXFileReference; lastKnownFileType = sourcecode.swift; path = Protecto_PassApp.swift; sourceTree = "<group>"; };
		842EABF429D831DA0014C8F8 /* ContentView.swift */ = {isa = PBXFileReference; lastKnownFileType = sourcecode.swift; path = ContentView.swift; sourceTree = "<group>"; };
		842EABF629D831DB0014C8F8 /* Assets.xcassets */ = {isa = PBXFileReference; lastKnownFileType = folder.assetcatalog; path = Assets.xcassets; sourceTree = "<group>"; };
		842EABF929D831DB0014C8F8 /* Preview Assets.xcassets */ = {isa = PBXFileReference; lastKnownFileType = folder.assetcatalog; path = "Preview Assets.xcassets"; sourceTree = "<group>"; };
		842EABFB29D831DB0014C8F8 /* Persistence.swift */ = {isa = PBXFileReference; lastKnownFileType = sourcecode.swift; path = Persistence.swift; sourceTree = "<group>"; };
		842EABFE29D831DB0014C8F8 /* Protecto_Pass.xcdatamodel */ = {isa = PBXFileReference; lastKnownFileType = wrapper.xcdatamodel; path = Protecto_Pass.xcdatamodel; sourceTree = "<group>"; };
		842EAC0029D831DB0014C8F8 /* Protecto_Pass.entitlements */ = {isa = PBXFileReference; lastKnownFileType = text.plist.entitlements; path = Protecto_Pass.entitlements; sourceTree = "<group>"; };
		842EAC0529D831DB0014C8F8 /* Protecto PassTests.xctest */ = {isa = PBXFileReference; explicitFileType = wrapper.cfbundle; includeInIndex = 0; path = "Protecto PassTests.xctest"; sourceTree = BUILT_PRODUCTS_DIR; };
		842EAC0929D831DB0014C8F8 /* Protecto_PassTests.swift */ = {isa = PBXFileReference; lastKnownFileType = sourcecode.swift; path = Protecto_PassTests.swift; sourceTree = "<group>"; };
		842EAC0F29D831DB0014C8F8 /* Protecto PassUITests.xctest */ = {isa = PBXFileReference; explicitFileType = wrapper.cfbundle; includeInIndex = 0; path = "Protecto PassUITests.xctest"; sourceTree = BUILT_PRODUCTS_DIR; };
		842EAC1329D831DB0014C8F8 /* Protecto_PassUITests.swift */ = {isa = PBXFileReference; lastKnownFileType = sourcecode.swift; path = Protecto_PassUITests.swift; sourceTree = "<group>"; };
		842EAC1529D831DB0014C8F8 /* Protecto_PassUITestsLaunchTests.swift */ = {isa = PBXFileReference; lastKnownFileType = sourcecode.swift; path = Protecto_PassUITestsLaunchTests.swift; sourceTree = "<group>"; };
/* End PBXFileReference section */

/* Begin PBXFrameworksBuildPhase section */
		842EABEC29D831DA0014C8F8 /* Frameworks */ = {
			isa = PBXFrameworksBuildPhase;
			buildActionMask = 2147483647;
			files = (
			);
			runOnlyForDeploymentPostprocessing = 0;
		};
		842EAC0229D831DB0014C8F8 /* Frameworks */ = {
			isa = PBXFrameworksBuildPhase;
			buildActionMask = 2147483647;
			files = (
			);
			runOnlyForDeploymentPostprocessing = 0;
		};
		842EAC0C29D831DB0014C8F8 /* Frameworks */ = {
			isa = PBXFrameworksBuildPhase;
			buildActionMask = 2147483647;
			files = (
			);
			runOnlyForDeploymentPostprocessing = 0;
		};
/* End PBXFrameworksBuildPhase section */

/* Begin PBXGroup section */
		842EABE629D831DA0014C8F8 = {
			isa = PBXGroup;
			children = (
				842EABF129D831DA0014C8F8 /* Protecto Pass */,
				842EAC0829D831DB0014C8F8 /* Protecto PassTests */,
				842EAC1229D831DB0014C8F8 /* Protecto PassUITests */,
				842EABF029D831DA0014C8F8 /* Products */,
			);
			sourceTree = "<group>";
		};
		842EABF029D831DA0014C8F8 /* Products */ = {
			isa = PBXGroup;
			children = (
				842EABEF29D831DA0014C8F8 /* Protecto Pass.app */,
				842EAC0529D831DB0014C8F8 /* Protecto PassTests.xctest */,
				842EAC0F29D831DB0014C8F8 /* Protecto PassUITests.xctest */,
			);
			name = Products;
			sourceTree = "<group>";
		};
		842EABF129D831DA0014C8F8 /* Protecto Pass */ = {
			isa = PBXGroup;
			children = (
				842EABF229D831DA0014C8F8 /* Protecto_PassApp.swift */,
				842EABF429D831DA0014C8F8 /* ContentView.swift */,
				842EABF629D831DB0014C8F8 /* Assets.xcassets */,
				842EABFB29D831DB0014C8F8 /* Persistence.swift */,
				842EAC0029D831DB0014C8F8 /* Protecto_Pass.entitlements */,
				842EABFD29D831DB0014C8F8 /* Protecto_Pass.xcdatamodeld */,
				842EABF829D831DB0014C8F8 /* Preview Content */,
			);
			path = "Protecto Pass";
			sourceTree = "<group>";
		};
		842EABF829D831DB0014C8F8 /* Preview Content */ = {
			isa = PBXGroup;
			children = (
				842EABF929D831DB0014C8F8 /* Preview Assets.xcassets */,
			);
			path = "Preview Content";
			sourceTree = "<group>";
		};
		842EAC0829D831DB0014C8F8 /* Protecto PassTests */ = {
			isa = PBXGroup;
			children = (
				842EAC0929D831DB0014C8F8 /* Protecto_PassTests.swift */,
			);
			path = "Protecto PassTests";
			sourceTree = "<group>";
		};
		842EAC1229D831DB0014C8F8 /* Protecto PassUITests */ = {
			isa = PBXGroup;
			children = (
				842EAC1329D831DB0014C8F8 /* Protecto_PassUITests.swift */,
				842EAC1529D831DB0014C8F8 /* Protecto_PassUITestsLaunchTests.swift */,
			);
			path = "Protecto PassUITests";
			sourceTree = "<group>";
		};
/* End PBXGroup section */

/* Begin PBXNativeTarget section */
		842EABEE29D831DA0014C8F8 /* Protecto Pass */ = {
			isa = PBXNativeTarget;
			buildConfigurationList = 842EAC1929D831DB0014C8F8 /* Build configuration list for PBXNativeTarget "Protecto Pass" */;
			buildPhases = (
				842EABEB29D831DA0014C8F8 /* Sources */,
				842EABEC29D831DA0014C8F8 /* Frameworks */,
				842EABED29D831DA0014C8F8 /* Resources */,
			);
			buildRules = (
			);
			dependencies = (
			);
			name = "Protecto Pass";
			productName = "Protecto Pass";
			productReference = 842EABEF29D831DA0014C8F8 /* Protecto Pass.app */;
			productType = "com.apple.product-type.application";
		};
		842EAC0429D831DB0014C8F8 /* Protecto PassTests */ = {
			isa = PBXNativeTarget;
			buildConfigurationList = 842EAC1C29D831DB0014C8F8 /* Build configuration list for PBXNativeTarget "Protecto PassTests" */;
			buildPhases = (
				842EAC0129D831DB0014C8F8 /* Sources */,
				842EAC0229D831DB0014C8F8 /* Frameworks */,
				842EAC0329D831DB0014C8F8 /* Resources */,
			);
			buildRules = (
			);
			dependencies = (
				842EAC0729D831DB0014C8F8 /* PBXTargetDependency */,
			);
			name = "Protecto PassTests";
			productName = "Protecto PassTests";
			productReference = 842EAC0529D831DB0014C8F8 /* Protecto PassTests.xctest */;
			productType = "com.apple.product-type.bundle.unit-test";
		};
		842EAC0E29D831DB0014C8F8 /* Protecto PassUITests */ = {
			isa = PBXNativeTarget;
			buildConfigurationList = 842EAC1F29D831DB0014C8F8 /* Build configuration list for PBXNativeTarget "Protecto PassUITests" */;
			buildPhases = (
				842EAC0B29D831DB0014C8F8 /* Sources */,
				842EAC0C29D831DB0014C8F8 /* Frameworks */,
				842EAC0D29D831DB0014C8F8 /* Resources */,
			);
			buildRules = (
			);
			dependencies = (
				842EAC1129D831DB0014C8F8 /* PBXTargetDependency */,
			);
			name = "Protecto PassUITests";
			productName = "Protecto PassUITests";
			productReference = 842EAC0F29D831DB0014C8F8 /* Protecto PassUITests.xctest */;
			productType = "com.apple.product-type.bundle.ui-testing";
		};
/* End PBXNativeTarget section */

/* Begin PBXProject section */
		842EABE729D831DA0014C8F8 /* Project object */ = {
			isa = PBXProject;
			attributes = {
				BuildIndependentTargetsInParallel = 1;
				LastSwiftUpdateCheck = 1430;
				LastUpgradeCheck = 1430;
				TargetAttributes = {
					842EABEE29D831DA0014C8F8 = {
						CreatedOnToolsVersion = 14.3;
					};
					842EAC0429D831DB0014C8F8 = {
						CreatedOnToolsVersion = 14.3;
						TestTargetID = 842EABEE29D831DA0014C8F8;
					};
					842EAC0E29D831DB0014C8F8 = {
						CreatedOnToolsVersion = 14.3;
						TestTargetID = 842EABEE29D831DA0014C8F8;
					};
				};
			};
			buildConfigurationList = 842EABEA29D831DA0014C8F8 /* Build configuration list for PBXProject "Protecto Pass" */;
			compatibilityVersion = "Xcode 14.0";
			developmentRegion = en;
			hasScannedForEncodings = 0;
			knownRegions = (
				en,
				Base,
			);
			mainGroup = 842EABE629D831DA0014C8F8;
			productRefGroup = 842EABF029D831DA0014C8F8 /* Products */;
			projectDirPath = "";
			projectRoot = "";
			targets = (
				842EABEE29D831DA0014C8F8 /* Protecto Pass */,
				842EAC0429D831DB0014C8F8 /* Protecto PassTests */,
				842EAC0E29D831DB0014C8F8 /* Protecto PassUITests */,
			);
		};
/* End PBXProject section */

/* Begin PBXResourcesBuildPhase section */
		842EABED29D831DA0014C8F8 /* Resources */ = {
			isa = PBXResourcesBuildPhase;
			buildActionMask = 2147483647;
			files = (
				842EABFA29D831DB0014C8F8 /* Preview Assets.xcassets in Resources */,
				842EABF729D831DB0014C8F8 /* Assets.xcassets in Resources */,
			);
			runOnlyForDeploymentPostprocessing = 0;
		};
		842EAC0329D831DB0014C8F8 /* Resources */ = {
			isa = PBXResourcesBuildPhase;
			buildActionMask = 2147483647;
			files = (
			);
			runOnlyForDeploymentPostprocessing = 0;
		};
		842EAC0D29D831DB0014C8F8 /* Resources */ = {
			isa = PBXResourcesBuildPhase;
			buildActionMask = 2147483647;
			files = (
			);
			runOnlyForDeploymentPostprocessing = 0;
		};
/* End PBXResourcesBuildPhase section */

/* Begin PBXSourcesBuildPhase section */
		842EABEB29D831DA0014C8F8 /* Sources */ = {
			isa = PBXSourcesBuildPhase;
			buildActionMask = 2147483647;
			files = (
				842EABFF29D831DB0014C8F8 /* Protecto_Pass.xcdatamodeld in Sources */,
				842EABFC29D831DB0014C8F8 /* Persistence.swift in Sources */,
				842EABF529D831DA0014C8F8 /* ContentView.swift in Sources */,
				842EABF329D831DA0014C8F8 /* Protecto_PassApp.swift in Sources */,
			);
			runOnlyForDeploymentPostprocessing = 0;
		};
		842EAC0129D831DB0014C8F8 /* Sources */ = {
			isa = PBXSourcesBuildPhase;
			buildActionMask = 2147483647;
			files = (
				842EAC0A29D831DB0014C8F8 /* Protecto_PassTests.swift in Sources */,
			);
			runOnlyForDeploymentPostprocessing = 0;
		};
		842EAC0B29D831DB0014C8F8 /* Sources */ = {
			isa = PBXSourcesBuildPhase;
			buildActionMask = 2147483647;
			files = (
				842EAC1429D831DB0014C8F8 /* Protecto_PassUITests.swift in Sources */,
				842EAC1629D831DB0014C8F8 /* Protecto_PassUITestsLaunchTests.swift in Sources */,
			);
			runOnlyForDeploymentPostprocessing = 0;
		};
/* End PBXSourcesBuildPhase section */

/* Begin PBXTargetDependency section */
		842EAC0729D831DB0014C8F8 /* PBXTargetDependency */ = {
			isa = PBXTargetDependency;
			target = 842EABEE29D831DA0014C8F8 /* Protecto Pass */;
			targetProxy = 842EAC0629D831DB0014C8F8 /* PBXContainerItemProxy */;
		};
		842EAC1129D831DB0014C8F8 /* PBXTargetDependency */ = {
			isa = PBXTargetDependency;
			target = 842EABEE29D831DA0014C8F8 /* Protecto Pass */;
			targetProxy = 842EAC1029D831DB0014C8F8 /* PBXContainerItemProxy */;
		};
/* End PBXTargetDependency section */

/* Begin XCBuildConfiguration section */
		842EAC1729D831DB0014C8F8 /* Debug */ = {
			isa = XCBuildConfiguration;
			buildSettings = {
				ALWAYS_SEARCH_USER_PATHS = NO;
				CLANG_ANALYZER_NONNULL = YES;
				CLANG_ANALYZER_NUMBER_OBJECT_CONVERSION = YES_AGGRESSIVE;
				CLANG_CXX_LANGUAGE_STANDARD = "gnu++20";
				CLANG_ENABLE_MODULES = YES;
				CLANG_ENABLE_OBJC_ARC = YES;
				CLANG_ENABLE_OBJC_WEAK = YES;
				CLANG_WARN_BLOCK_CAPTURE_AUTORELEASING = YES;
				CLANG_WARN_BOOL_CONVERSION = YES;
				CLANG_WARN_COMMA = YES;
				CLANG_WARN_CONSTANT_CONVERSION = YES;
				CLANG_WARN_DEPRECATED_OBJC_IMPLEMENTATIONS = YES;
				CLANG_WARN_DIRECT_OBJC_ISA_USAGE = YES_ERROR;
				CLANG_WARN_DOCUMENTATION_COMMENTS = YES;
				CLANG_WARN_EMPTY_BODY = YES;
				CLANG_WARN_ENUM_CONVERSION = YES;
				CLANG_WARN_INFINITE_RECURSION = YES;
				CLANG_WARN_INT_CONVERSION = YES;
				CLANG_WARN_NON_LITERAL_NULL_CONVERSION = YES;
				CLANG_WARN_OBJC_IMPLICIT_RETAIN_SELF = YES;
				CLANG_WARN_OBJC_LITERAL_CONVERSION = YES;
				CLANG_WARN_OBJC_ROOT_CLASS = YES_ERROR;
				CLANG_WARN_QUOTED_INCLUDE_IN_FRAMEWORK_HEADER = YES;
				CLANG_WARN_RANGE_LOOP_ANALYSIS = YES;
				CLANG_WARN_STRICT_PROTOTYPES = YES;
				CLANG_WARN_SUSPICIOUS_MOVE = YES;
				CLANG_WARN_UNGUARDED_AVAILABILITY = YES_AGGRESSIVE;
				CLANG_WARN_UNREACHABLE_CODE = YES;
				CLANG_WARN__DUPLICATE_METHOD_MATCH = YES;
				COPY_PHASE_STRIP = NO;
				DEBUG_INFORMATION_FORMAT = dwarf;
				ENABLE_STRICT_OBJC_MSGSEND = YES;
				ENABLE_TESTABILITY = YES;
				GCC_C_LANGUAGE_STANDARD = gnu11;
				GCC_DYNAMIC_NO_PIC = NO;
				GCC_NO_COMMON_BLOCKS = YES;
				GCC_OPTIMIZATION_LEVEL = 0;
				GCC_PREPROCESSOR_DEFINITIONS = (
					"DEBUG=1",
					"$(inherited)",
				);
				GCC_WARN_64_TO_32_BIT_CONVERSION = YES;
				GCC_WARN_ABOUT_RETURN_TYPE = YES_ERROR;
				GCC_WARN_UNDECLARED_SELECTOR = YES;
				GCC_WARN_UNINITIALIZED_AUTOS = YES_AGGRESSIVE;
				GCC_WARN_UNUSED_FUNCTION = YES;
				GCC_WARN_UNUSED_VARIABLE = YES;
				MACOSX_DEPLOYMENT_TARGET = 13.3;
				MTL_ENABLE_DEBUG_INFO = INCLUDE_SOURCE;
				MTL_FAST_MATH = YES;
				ONLY_ACTIVE_ARCH = YES;
				SDKROOT = macosx;
				SWIFT_ACTIVE_COMPILATION_CONDITIONS = DEBUG;
				SWIFT_OPTIMIZATION_LEVEL = "-Onone";
			};
			name = Debug;
		};
		842EAC1829D831DB0014C8F8 /* Release */ = {
			isa = XCBuildConfiguration;
			buildSettings = {
				ALWAYS_SEARCH_USER_PATHS = NO;
				CLANG_ANALYZER_NONNULL = YES;
				CLANG_ANALYZER_NUMBER_OBJECT_CONVERSION = YES_AGGRESSIVE;
				CLANG_CXX_LANGUAGE_STANDARD = "gnu++20";
				CLANG_ENABLE_MODULES = YES;
				CLANG_ENABLE_OBJC_ARC = YES;
				CLANG_ENABLE_OBJC_WEAK = YES;
				CLANG_WARN_BLOCK_CAPTURE_AUTORELEASING = YES;
				CLANG_WARN_BOOL_CONVERSION = YES;
				CLANG_WARN_COMMA = YES;
				CLANG_WARN_CONSTANT_CONVERSION = YES;
				CLANG_WARN_DEPRECATED_OBJC_IMPLEMENTATIONS = YES;
				CLANG_WARN_DIRECT_OBJC_ISA_USAGE = YES_ERROR;
				CLANG_WARN_DOCUMENTATION_COMMENTS = YES;
				CLANG_WARN_EMPTY_BODY = YES;
				CLANG_WARN_ENUM_CONVERSION = YES;
				CLANG_WARN_INFINITE_RECURSION = YES;
				CLANG_WARN_INT_CONVERSION = YES;
				CLANG_WARN_NON_LITERAL_NULL_CONVERSION = YES;
				CLANG_WARN_OBJC_IMPLICIT_RETAIN_SELF = YES;
				CLANG_WARN_OBJC_LITERAL_CONVERSION = YES;
				CLANG_WARN_OBJC_ROOT_CLASS = YES_ERROR;
				CLANG_WARN_QUOTED_INCLUDE_IN_FRAMEWORK_HEADER = YES;
				CLANG_WARN_RANGE_LOOP_ANALYSIS = YES;
				CLANG_WARN_STRICT_PROTOTYPES = YES;
				CLANG_WARN_SUSPICIOUS_MOVE = YES;
				CLANG_WARN_UNGUARDED_AVAILABILITY = YES_AGGRESSIVE;
				CLANG_WARN_UNREACHABLE_CODE = YES;
				CLANG_WARN__DUPLICATE_METHOD_MATCH = YES;
				COPY_PHASE_STRIP = NO;
				DEBUG_INFORMATION_FORMAT = "dwarf-with-dsym";
				ENABLE_NS_ASSERTIONS = NO;
				ENABLE_STRICT_OBJC_MSGSEND = YES;
				GCC_C_LANGUAGE_STANDARD = gnu11;
				GCC_NO_COMMON_BLOCKS = YES;
				GCC_WARN_64_TO_32_BIT_CONVERSION = YES;
				GCC_WARN_ABOUT_RETURN_TYPE = YES_ERROR;
				GCC_WARN_UNDECLARED_SELECTOR = YES;
				GCC_WARN_UNINITIALIZED_AUTOS = YES_AGGRESSIVE;
				GCC_WARN_UNUSED_FUNCTION = YES;
				GCC_WARN_UNUSED_VARIABLE = YES;
				MACOSX_DEPLOYMENT_TARGET = 13.3;
				MTL_ENABLE_DEBUG_INFO = NO;
				MTL_FAST_MATH = YES;
				SDKROOT = macosx;
				SWIFT_COMPILATION_MODE = wholemodule;
				SWIFT_OPTIMIZATION_LEVEL = "-O";
			};
			name = Release;
		};
		842EAC1A29D831DB0014C8F8 /* Debug */ = {
			isa = XCBuildConfiguration;
			buildSettings = {
				ASSETCATALOG_COMPILER_APPICON_NAME = AppIcon;
				ASSETCATALOG_COMPILER_GLOBAL_ACCENT_COLOR_NAME = AccentColor;
				CODE_SIGN_ENTITLEMENTS = "Protecto Pass/Protecto_Pass.entitlements";
				CODE_SIGN_STYLE = Automatic;
				COMBINE_HIDPI_IMAGES = YES;
				CURRENT_PROJECT_VERSION = 1;
				DEVELOPMENT_ASSET_PATHS = "\"Protecto Pass/Preview Content\"";
				DEVELOPMENT_TEAM = Q87UDX5898;
				ENABLE_HARDENED_RUNTIME = YES;
				ENABLE_PREVIEWS = YES;
				GENERATE_INFOPLIST_FILE = YES;
				INFOPLIST_KEY_NSHumanReadableCopyright = "";
				LD_RUNPATH_SEARCH_PATHS = (
					"$(inherited)",
					"@executable_path/../Frameworks",
				);
				MARKETING_VERSION = 1.0;
				PRODUCT_BUNDLE_IDENTIFIER = "dev.jules.Protecto-Pass";
				PRODUCT_NAME = "$(TARGET_NAME)";
				SWIFT_EMIT_LOC_STRINGS = YES;
				SWIFT_VERSION = 5.0;
			};
			name = Debug;
		};
		842EAC1B29D831DB0014C8F8 /* Release */ = {
			isa = XCBuildConfiguration;
			buildSettings = {
				ASSETCATALOG_COMPILER_APPICON_NAME = AppIcon;
				ASSETCATALOG_COMPILER_GLOBAL_ACCENT_COLOR_NAME = AccentColor;
				CODE_SIGN_ENTITLEMENTS = "Protecto Pass/Protecto_Pass.entitlements";
				CODE_SIGN_STYLE = Automatic;
				COMBINE_HIDPI_IMAGES = YES;
				CURRENT_PROJECT_VERSION = 1;
				DEVELOPMENT_ASSET_PATHS = "\"Protecto Pass/Preview Content\"";
				DEVELOPMENT_TEAM = Q87UDX5898;
				ENABLE_HARDENED_RUNTIME = YES;
				ENABLE_PREVIEWS = YES;
				GENERATE_INFOPLIST_FILE = YES;
				INFOPLIST_KEY_NSHumanReadableCopyright = "";
				LD_RUNPATH_SEARCH_PATHS = (
					"$(inherited)",
					"@executable_path/../Frameworks",
				);
				MARKETING_VERSION = 1.0;
				PRODUCT_BUNDLE_IDENTIFIER = "dev.jules.Protecto-Pass";
				PRODUCT_NAME = "$(TARGET_NAME)";
				SWIFT_EMIT_LOC_STRINGS = YES;
				SWIFT_VERSION = 5.0;
			};
			name = Release;
		};
		842EAC1D29D831DB0014C8F8 /* Debug */ = {
			isa = XCBuildConfiguration;
			buildSettings = {
				ALWAYS_EMBED_SWIFT_STANDARD_LIBRARIES = YES;
				BUNDLE_LOADER = "$(TEST_HOST)";
				CODE_SIGN_STYLE = Automatic;
				CURRENT_PROJECT_VERSION = 1;
				DEVELOPMENT_TEAM = Q87UDX5898;
				GENERATE_INFOPLIST_FILE = YES;
				MACOSX_DEPLOYMENT_TARGET = 13.3;
				MARKETING_VERSION = 1.0;
				PRODUCT_BUNDLE_IDENTIFIER = "dev.jules.Protecto-PassTests";
				PRODUCT_NAME = "$(TARGET_NAME)";
				SWIFT_EMIT_LOC_STRINGS = NO;
				SWIFT_VERSION = 5.0;
				TEST_HOST = "$(BUILT_PRODUCTS_DIR)/Protecto Pass.app/$(BUNDLE_EXECUTABLE_FOLDER_PATH)/Protecto Pass";
			};
			name = Debug;
		};
		842EAC1E29D831DB0014C8F8 /* Release */ = {
			isa = XCBuildConfiguration;
			buildSettings = {
				ALWAYS_EMBED_SWIFT_STANDARD_LIBRARIES = YES;
				BUNDLE_LOADER = "$(TEST_HOST)";
				CODE_SIGN_STYLE = Automatic;
				CURRENT_PROJECT_VERSION = 1;
				DEVELOPMENT_TEAM = Q87UDX5898;
				GENERATE_INFOPLIST_FILE = YES;
				MACOSX_DEPLOYMENT_TARGET = 13.3;
				MARKETING_VERSION = 1.0;
				PRODUCT_BUNDLE_IDENTIFIER = "dev.jules.Protecto-PassTests";
				PRODUCT_NAME = "$(TARGET_NAME)";
				SWIFT_EMIT_LOC_STRINGS = NO;
				SWIFT_VERSION = 5.0;
				TEST_HOST = "$(BUILT_PRODUCTS_DIR)/Protecto Pass.app/$(BUNDLE_EXECUTABLE_FOLDER_PATH)/Protecto Pass";
			};
			name = Release;
		};
		842EAC2029D831DB0014C8F8 /* Debug */ = {
			isa = XCBuildConfiguration;
			buildSettings = {
				ALWAYS_EMBED_SWIFT_STANDARD_LIBRARIES = YES;
				CODE_SIGN_STYLE = Automatic;
				CURRENT_PROJECT_VERSION = 1;
				DEVELOPMENT_TEAM = Q87UDX5898;
				GENERATE_INFOPLIST_FILE = YES;
				MARKETING_VERSION = 1.0;
				PRODUCT_BUNDLE_IDENTIFIER = "dev.jules.Protecto-PassUITests";
				PRODUCT_NAME = "$(TARGET_NAME)";
				SWIFT_EMIT_LOC_STRINGS = NO;
				SWIFT_VERSION = 5.0;
				TEST_TARGET_NAME = "Protecto Pass";
			};
			name = Debug;
		};
		842EAC2129D831DB0014C8F8 /* Release */ = {
			isa = XCBuildConfiguration;
			buildSettings = {
				ALWAYS_EMBED_SWIFT_STANDARD_LIBRARIES = YES;
				CODE_SIGN_STYLE = Automatic;
				CURRENT_PROJECT_VERSION = 1;
				DEVELOPMENT_TEAM = Q87UDX5898;
				GENERATE_INFOPLIST_FILE = YES;
				MARKETING_VERSION = 1.0;
				PRODUCT_BUNDLE_IDENTIFIER = "dev.jules.Protecto-PassUITests";
				PRODUCT_NAME = "$(TARGET_NAME)";
				SWIFT_EMIT_LOC_STRINGS = NO;
				SWIFT_VERSION = 5.0;
				TEST_TARGET_NAME = "Protecto Pass";
			};
			name = Release;
		};
/* End XCBuildConfiguration section */

/* Begin XCConfigurationList section */
		842EABEA29D831DA0014C8F8 /* Build configuration list for PBXProject "Protecto Pass" */ = {
			isa = XCConfigurationList;
			buildConfigurations = (
				842EAC1729D831DB0014C8F8 /* Debug */,
				842EAC1829D831DB0014C8F8 /* Release */,
			);
			defaultConfigurationIsVisible = 0;
			defaultConfigurationName = Release;
		};
		842EAC1929D831DB0014C8F8 /* Build configuration list for PBXNativeTarget "Protecto Pass" */ = {
			isa = XCConfigurationList;
			buildConfigurations = (
				842EAC1A29D831DB0014C8F8 /* Debug */,
				842EAC1B29D831DB0014C8F8 /* Release */,
			);
			defaultConfigurationIsVisible = 0;
			defaultConfigurationName = Release;
		};
		842EAC1C29D831DB0014C8F8 /* Build configuration list for PBXNativeTarget "Protecto PassTests" */ = {
			isa = XCConfigurationList;
			buildConfigurations = (
				842EAC1D29D831DB0014C8F8 /* Debug */,
				842EAC1E29D831DB0014C8F8 /* Release */,
			);
			defaultConfigurationIsVisible = 0;
			defaultConfigurationName = Release;
		};
		842EAC1F29D831DB0014C8F8 /* Build configuration list for PBXNativeTarget "Protecto PassUITests" */ = {
			isa = XCConfigurationList;
			buildConfigurations = (
				842EAC2029D831DB0014C8F8 /* Debug */,
				842EAC2129D831DB0014C8F8 /* Release */,
			);
			defaultConfigurationIsVisible = 0;
			defaultConfigurationName = Release;
		};
/* End XCConfigurationList section */

/* Begin XCVersionGroup section */
		842EABFD29D831DB0014C8F8 /* Protecto_Pass.xcdatamodeld */ = {
			isa = XCVersionGroup;
			children = (
				842EABFE29D831DB0014C8F8 /* Protecto_Pass.xcdatamodel */,
			);
			currentVersion = 842EABFE29D831DB0014C8F8 /* Protecto_Pass.xcdatamodel */;
			path = Protecto_Pass.xcdatamodeld;
			sourceTree = "<group>";
			versionGroupType = wrapper.xcdatamodel;
		};
/* End XCVersionGroup section */
	};
	rootObject = 842EABE729D831DA0014C8F8 /* Project object */;
}
