// !$*UTF8*$!
{
	archiveVersion = 1;
	classes = {
	};
	objectVersion = 56;
	objects = {

/* Begin PBXBuildFile section */
		842EABF329D831DA0014C8F8 /* Protecto_PassApp.swift in Sources */ = {isa = PBXBuildFile; fileRef = 842EABF229D831DA0014C8F8 /* Protecto_PassApp.swift */; };
		842EABF529D831DA0014C8F8 /* ContentView.swift in Sources */ = {isa = PBXBuildFile; fileRef = 842EABF429D831DA0014C8F8 /* ContentView.swift */; };
		842EABF729D831DB0014C8F8 /* Assets.xcassets in Resources */ = {isa = PBXBuildFile; fileRef = 842EABF629D831DB0014C8F8 /* Assets.xcassets */; };
		842EABFA29D831DB0014C8F8 /* Preview Assets.xcassets in Resources */ = {isa = PBXBuildFile; fileRef = 842EABF929D831DB0014C8F8 /* Preview Assets.xcassets */; };
		842EABFF29D831DB0014C8F8 /* Protecto_Pass.xcdatamodeld in Sources */ = {isa = PBXBuildFile; fileRef = 842EABFD29D831DB0014C8F8 /* Protecto_Pass.xcdatamodeld */; };
		842EAC0A29D831DB0014C8F8 /* Protecto_PassTests.swift in Sources */ = {isa = PBXBuildFile; fileRef = 842EAC0929D831DB0014C8F8 /* Protecto_PassTests.swift */; };
		842EAC1429D831DB0014C8F8 /* Protecto_PassUITests.swift in Sources */ = {isa = PBXBuildFile; fileRef = 842EAC1329D831DB0014C8F8 /* Protecto_PassUITests.swift */; };
		842EAC1629D831DB0014C8F8 /* Protecto_PassUITestsLaunchTests.swift in Sources */ = {isa = PBXBuildFile; fileRef = 842EAC1529D831DB0014C8F8 /* Protecto_PassUITestsLaunchTests.swift */; };
		843390182C99A7BF00ED4349 /* Encrypter.swift in Sources */ = {isa = PBXBuildFile; fileRef = 84338FEC2C99A7BF00ED4349 /* Encrypter.swift */; };
		843390192C99A7BF00ED4349 /* FileImportHandler.swift in Sources */ = {isa = PBXBuildFile; fileRef = 84338FF72C99A7BF00ED4349 /* FileImportHandler.swift */; };
		8433901A2C99A7BF00ED4349 /* PasswordGenerator.swift in Sources */ = {isa = PBXBuildFile; fileRef = 84338FED2C99A7BF00ED4349 /* PasswordGenerator.swift */; };
		8433901B2C99A7BF00ED4349 /* SandboxManager.swift in Sources */ = {isa = PBXBuildFile; fileRef = 8433900F2C99A7BF00ED4349 /* SandboxManager.swift */; };
		8433901C2C99A7BF00ED4349 /* ME_DataStructure.swift in Sources */ = {isa = PBXBuildFile; fileRef = 843390032C99A7BF00ED4349 /* ME_DataStructure.swift */; };
		8433901D2C99A7BF00ED4349 /* DatabaseFileManager.swift in Sources */ = {isa = PBXBuildFile; fileRef = 8433900C2C99A7BF00ED4349 /* DatabaseFileManager.swift */; };
		8433901E2C99A7BF00ED4349 /* DB_Image.swift in Sources */ = {isa = PBXBuildFile; fileRef = 84338FFE2C99A7BF00ED4349 /* DB_Image.swift */; };
		8433901F2C99A7BF00ED4349 /* Cryptography.swift in Sources */ = {isa = PBXBuildFile; fileRef = 84338FEA2C99A7BF00ED4349 /* Cryptography.swift */; };
		843390202C99A7BF00ED4349 /* DataConverter.swift in Sources */ = {isa = PBXBuildFile; fileRef = 84338FF52C99A7BF00ED4349 /* DataConverter.swift */; };
		843390212C99A7BF00ED4349 /* PasswordField.swift in Sources */ = {isa = PBXBuildFile; fileRef = 843390132C99A7BF00ED4349 /* PasswordField.swift */; };
		843390222C99A7BF00ED4349 /* Protecto_Pass.xcdatamodeld in Sources */ = {isa = PBXBuildFile; fileRef = 843390082C99A7BF00ED4349 /* Protecto_Pass.xcdatamodeld */; };
		843390232C99A7BF00ED4349 /* DB_Video.swift in Sources */ = {isa = PBXBuildFile; fileRef = 84338FFF2C99A7BF00ED4349 /* DB_Video.swift */; };
		843390242C99A7BF00ED4349 /* DB_Document.swift in Sources */ = {isa = PBXBuildFile; fileRef = 84338FFC2C99A7BF00ED4349 /* DB_Document.swift */; };
		843390252C99A7BF00ED4349 /* ListTile.swift in Sources */ = {isa = PBXBuildFile; fileRef = 843390122C99A7BF00ED4349 /* ListTile.swift */; };
		843390262C99A7BF00ED4349 /* DB_CreationWrapper.swift in Sources */ = {isa = PBXBuildFile; fileRef = 843390062C99A7BF00ED4349 /* DB_CreationWrapper.swift */; };
		843390272C99A7BF00ED4349 /* Decrypter.swift in Sources */ = {isa = PBXBuildFile; fileRef = 84338FEB2C99A7BF00ED4349 /* Decrypter.swift */; };
		843390282C99A7BF00ED4349 /* PhotoPickerErrors.swift in Sources */ = {isa = PBXBuildFile; fileRef = 84338FF12C99A7BF00ED4349 /* PhotoPickerErrors.swift */; };
		843390292C99A7BF00ED4349 /* Persistence.swift in Sources */ = {isa = PBXBuildFile; fileRef = 8433900E2C99A7BF00ED4349 /* Persistence.swift */; };
		8433902A2C99A7BF00ED4349 /* DB_Header.swift in Sources */ = {isa = PBXBuildFile; fileRef = 84338FFD2C99A7BF00ED4349 /* DB_Header.swift */; };
		8433902B2C99A7BF00ED4349 /* DatabaseContentCounter.swift in Sources */ = {isa = PBXBuildFile; fileRef = 84338FF42C99A7BF00ED4349 /* DatabaseContentCounter.swift */; };
		8433902C2C99A7BF00ED4349 /* Database.swift in Sources */ = {isa = PBXBuildFile; fileRef = 84338FFA2C99A7BF00ED4349 /* Database.swift */; };
		8433902D2C99A7BF00ED4349 /* DB_Converter.swift in Sources */ = {isa = PBXBuildFile; fileRef = 84338FF62C99A7BF00ED4349 /* DB_Converter.swift */; };
		8433902E2C99A7BF00ED4349 /* NativeType.swift in Sources */ = {isa = PBXBuildFile; fileRef = 843390042C99A7BF00ED4349 /* NativeType.swift */; };
		8433902F2C99A7BF00ED4349 /* LoadableResource.swift in Sources */ = {isa = PBXBuildFile; fileRef = 843390022C99A7BF00ED4349 /* LoadableResource.swift */; };
		843390302C99A7BF00ED4349 /* NonexistendPathError.swift in Sources */ = {isa = PBXBuildFile; fileRef = 8433900D2C99A7BF00ED4349 /* NonexistendPathError.swift */; };
		843390312C99A7BF00ED4349 /* Folder.swift in Sources */ = {isa = PBXBuildFile; fileRef = 843390012C99A7BF00ED4349 /* Folder.swift */; };
		843390322C99A7BF00ED4349 /* CoreDataManager.swift in Sources */ = {isa = PBXBuildFile; fileRef = 8433900A2C99A7BF00ED4349 /* CoreDataManager.swift */; };
		843390332C99A7BF00ED4349 /* PhotoPickerHandler.swift in Sources */ = {isa = PBXBuildFile; fileRef = 84338FF82C99A7BF00ED4349 /* PhotoPickerHandler.swift */; };
		843390342C99A7BF00ED4349 /* DatabaseContent.swift in Sources */ = {isa = PBXBuildFile; fileRef = 84338FFB2C99A7BF00ED4349 /* DatabaseContent.swift */; };
		843390352C99A7BF00ED4349 /* Entry.swift in Sources */ = {isa = PBXBuildFile; fileRef = 843390002C99A7BF00ED4349 /* Entry.swift */; };
		843390362C99A7BF00ED4349 /* FileImporterErrors.swift in Sources */ = {isa = PBXBuildFile; fileRef = 84338FEF2C99A7BF00ED4349 /* FileImporterErrors.swift */; };
		843390372C99A7BF00ED4349 /* DatabaseDoesNotExistError.swift in Sources */ = {isa = PBXBuildFile; fileRef = 8433900B2C99A7BF00ED4349 /* DatabaseDoesNotExistError.swift */; };
		843390382C99A7BF00ED4349 /* Storage.swift in Sources */ = {isa = PBXBuildFile; fileRef = 843390102C99A7BF00ED4349 /* Storage.swift */; };
/* End PBXBuildFile section */

/* Begin PBXContainerItemProxy section */
		842EAC0629D831DB0014C8F8 /* PBXContainerItemProxy */ = {
			isa = PBXContainerItemProxy;
			containerPortal = 842EABE729D831DA0014C8F8 /* Project object */;
			proxyType = 1;
			remoteGlobalIDString = 842EABEE29D831DA0014C8F8;
			remoteInfo = "Protecto Pass";
		};
		842EAC1029D831DB0014C8F8 /* PBXContainerItemProxy */ = {
			isa = PBXContainerItemProxy;
			containerPortal = 842EABE729D831DA0014C8F8 /* Project object */;
			proxyType = 1;
			remoteGlobalIDString = 842EABEE29D831DA0014C8F8;
			remoteInfo = "Protecto Pass";
		};
/* End PBXContainerItemProxy section */

/* Begin PBXFileReference section */
		842EABEF29D831DA0014C8F8 /* Protecto Pass.app */ = {isa = PBXFileReference; explicitFileType = wrapper.application; includeInIndex = 0; path = "Protecto Pass.app"; sourceTree = BUILT_PRODUCTS_DIR; };
		842EABF229D831DA0014C8F8 /* Protecto_PassApp.swift */ = {isa = PBXFileReference; lastKnownFileType = sourcecode.swift; path = Protecto_PassApp.swift; sourceTree = "<group>"; };
		842EABF429D831DA0014C8F8 /* ContentView.swift */ = {isa = PBXFileReference; lastKnownFileType = sourcecode.swift; path = ContentView.swift; sourceTree = "<group>"; };
		842EABF629D831DB0014C8F8 /* Assets.xcassets */ = {isa = PBXFileReference; lastKnownFileType = folder.assetcatalog; path = Assets.xcassets; sourceTree = "<group>"; };
		842EABF929D831DB0014C8F8 /* Preview Assets.xcassets */ = {isa = PBXFileReference; lastKnownFileType = folder.assetcatalog; path = "Preview Assets.xcassets"; sourceTree = "<group>"; };
		842EABFE29D831DB0014C8F8 /* Protecto_Pass.xcdatamodel */ = {isa = PBXFileReference; lastKnownFileType = wrapper.xcdatamodel; path = Protecto_Pass.xcdatamodel; sourceTree = "<group>"; };
		842EAC0029D831DB0014C8F8 /* Protecto_Pass.entitlements */ = {isa = PBXFileReference; lastKnownFileType = text.plist.entitlements; path = Protecto_Pass.entitlements; sourceTree = "<group>"; };
		842EAC0529D831DB0014C8F8 /* Protecto PassTests.xctest */ = {isa = PBXFileReference; explicitFileType = wrapper.cfbundle; includeInIndex = 0; path = "Protecto PassTests.xctest"; sourceTree = BUILT_PRODUCTS_DIR; };
		842EAC0929D831DB0014C8F8 /* Protecto_PassTests.swift */ = {isa = PBXFileReference; lastKnownFileType = sourcecode.swift; path = Protecto_PassTests.swift; sourceTree = "<group>"; };
		842EAC0F29D831DB0014C8F8 /* Protecto PassUITests.xctest */ = {isa = PBXFileReference; explicitFileType = wrapper.cfbundle; includeInIndex = 0; path = "Protecto PassUITests.xctest"; sourceTree = BUILT_PRODUCTS_DIR; };
		842EAC1329D831DB0014C8F8 /* Protecto_PassUITests.swift */ = {isa = PBXFileReference; lastKnownFileType = sourcecode.swift; path = Protecto_PassUITests.swift; sourceTree = "<group>"; };
		842EAC1529D831DB0014C8F8 /* Protecto_PassUITestsLaunchTests.swift */ = {isa = PBXFileReference; lastKnownFileType = sourcecode.swift; path = Protecto_PassUITestsLaunchTests.swift; sourceTree = "<group>"; };
		84338FEA2C99A7BF00ED4349 /* Cryptography.swift */ = {isa = PBXFileReference; lastKnownFileType = sourcecode.swift; path = Cryptography.swift; sourceTree = "<group>"; };
		84338FEB2C99A7BF00ED4349 /* Decrypter.swift */ = {isa = PBXFileReference; lastKnownFileType = sourcecode.swift; path = Decrypter.swift; sourceTree = "<group>"; };
		84338FEC2C99A7BF00ED4349 /* Encrypter.swift */ = {isa = PBXFileReference; lastKnownFileType = sourcecode.swift; path = Encrypter.swift; sourceTree = "<group>"; };
		84338FED2C99A7BF00ED4349 /* PasswordGenerator.swift */ = {isa = PBXFileReference; lastKnownFileType = sourcecode.swift; path = PasswordGenerator.swift; sourceTree = "<group>"; };
		84338FEF2C99A7BF00ED4349 /* FileImporterErrors.swift */ = {isa = PBXFileReference; lastKnownFileType = sourcecode.swift; path = FileImporterErrors.swift; sourceTree = "<group>"; };
		84338FF12C99A7BF00ED4349 /* PhotoPickerErrors.swift */ = {isa = PBXFileReference; lastKnownFileType = sourcecode.swift; path = PhotoPickerErrors.swift; sourceTree = "<group>"; };
		84338FF42C99A7BF00ED4349 /* DatabaseContentCounter.swift */ = {isa = PBXFileReference; lastKnownFileType = sourcecode.swift; path = DatabaseContentCounter.swift; sourceTree = "<group>"; };
		84338FF52C99A7BF00ED4349 /* DataConverter.swift */ = {isa = PBXFileReference; lastKnownFileType = sourcecode.swift; path = DataConverter.swift; sourceTree = "<group>"; };
		84338FF62C99A7BF00ED4349 /* DB_Converter.swift */ = {isa = PBXFileReference; lastKnownFileType = sourcecode.swift; path = DB_Converter.swift; sourceTree = "<group>"; };
		84338FF72C99A7BF00ED4349 /* FileImportHandler.swift */ = {isa = PBXFileReference; lastKnownFileType = sourcecode.swift; path = FileImportHandler.swift; sourceTree = "<group>"; };
		84338FF82C99A7BF00ED4349 /* PhotoPickerHandler.swift */ = {isa = PBXFileReference; lastKnownFileType = sourcecode.swift; path = PhotoPickerHandler.swift; sourceTree = "<group>"; };
		84338FFA2C99A7BF00ED4349 /* Database.swift */ = {isa = PBXFileReference; lastKnownFileType = sourcecode.swift; path = Database.swift; sourceTree = "<group>"; };
		84338FFB2C99A7BF00ED4349 /* DatabaseContent.swift */ = {isa = PBXFileReference; lastKnownFileType = sourcecode.swift; path = DatabaseContent.swift; sourceTree = "<group>"; };
		84338FFC2C99A7BF00ED4349 /* DB_Document.swift */ = {isa = PBXFileReference; lastKnownFileType = sourcecode.swift; path = DB_Document.swift; sourceTree = "<group>"; };
		84338FFD2C99A7BF00ED4349 /* DB_Header.swift */ = {isa = PBXFileReference; lastKnownFileType = sourcecode.swift; path = DB_Header.swift; sourceTree = "<group>"; };
		84338FFE2C99A7BF00ED4349 /* DB_Image.swift */ = {isa = PBXFileReference; lastKnownFileType = sourcecode.swift; path = DB_Image.swift; sourceTree = "<group>"; };
		84338FFF2C99A7BF00ED4349 /* DB_Video.swift */ = {isa = PBXFileReference; lastKnownFileType = sourcecode.swift; path = DB_Video.swift; sourceTree = "<group>"; };
		843390002C99A7BF00ED4349 /* Entry.swift */ = {isa = PBXFileReference; lastKnownFileType = sourcecode.swift; path = Entry.swift; sourceTree = "<group>"; };
		843390012C99A7BF00ED4349 /* Folder.swift */ = {isa = PBXFileReference; lastKnownFileType = sourcecode.swift; path = Folder.swift; sourceTree = "<group>"; };
		843390022C99A7BF00ED4349 /* LoadableResource.swift */ = {isa = PBXFileReference; lastKnownFileType = sourcecode.swift; path = LoadableResource.swift; sourceTree = "<group>"; };
		843390032C99A7BF00ED4349 /* ME_DataStructure.swift */ = {isa = PBXFileReference; lastKnownFileType = sourcecode.swift; path = ME_DataStructure.swift; sourceTree = "<group>"; };
		843390042C99A7BF00ED4349 /* NativeType.swift */ = {isa = PBXFileReference; lastKnownFileType = sourcecode.swift; path = NativeType.swift; sourceTree = "<group>"; };
		843390062C99A7BF00ED4349 /* DB_CreationWrapper.swift */ = {isa = PBXFileReference; lastKnownFileType = sourcecode.swift; path = DB_CreationWrapper.swift; sourceTree = "<group>"; };
		8433900A2C99A7BF00ED4349 /* CoreDataManager.swift */ = {isa = PBXFileReference; lastKnownFileType = sourcecode.swift; path = CoreDataManager.swift; sourceTree = "<group>"; };
		8433900B2C99A7BF00ED4349 /* DatabaseDoesNotExistError.swift */ = {isa = PBXFileReference; lastKnownFileType = sourcecode.swift; path = DatabaseDoesNotExistError.swift; sourceTree = "<group>"; };
		8433900C2C99A7BF00ED4349 /* DatabaseFileManager.swift */ = {isa = PBXFileReference; lastKnownFileType = sourcecode.swift; path = DatabaseFileManager.swift; sourceTree = "<group>"; };
		8433900D2C99A7BF00ED4349 /* NonexistendPathError.swift */ = {isa = PBXFileReference; lastKnownFileType = sourcecode.swift; path = NonexistendPathError.swift; sourceTree = "<group>"; };
		8433900E2C99A7BF00ED4349 /* Persistence.swift */ = {isa = PBXFileReference; lastKnownFileType = sourcecode.swift; path = Persistence.swift; sourceTree = "<group>"; };
		8433900F2C99A7BF00ED4349 /* SandboxManager.swift */ = {isa = PBXFileReference; lastKnownFileType = sourcecode.swift; path = SandboxManager.swift; sourceTree = "<group>"; };
		843390102C99A7BF00ED4349 /* Storage.swift */ = {isa = PBXFileReference; lastKnownFileType = sourcecode.swift; path = Storage.swift; sourceTree = "<group>"; };
		843390122C99A7BF00ED4349 /* ListTile.swift */ = {isa = PBXFileReference; lastKnownFileType = sourcecode.swift; path = ListTile.swift; sourceTree = "<group>"; };
		843390132C99A7BF00ED4349 /* PasswordField.swift */ = {isa = PBXFileReference; lastKnownFileType = sourcecode.swift; path = PasswordField.swift; sourceTree = "<group>"; };
		843390172C99A7BF00ED4349 /* Protecto_Pass.xcdatamodel */ = {isa = PBXFileReference; lastKnownFileType = wrapper.xcdatamodel; path = Protecto_Pass.xcdatamodel; sourceTree = "<group>"; };
/* End PBXFileReference section */

/* Begin PBXFrameworksBuildPhase section */
		842EABEC29D831DA0014C8F8 /* Frameworks */ = {
			isa = PBXFrameworksBuildPhase;
			buildActionMask = 2147483647;
			files = (
			);
			runOnlyForDeploymentPostprocessing = 0;
		};
		842EAC0229D831DB0014C8F8 /* Frameworks */ = {
			isa = PBXFrameworksBuildPhase;
			buildActionMask = 2147483647;
			files = (
			);
			runOnlyForDeploymentPostprocessing = 0;
		};
		842EAC0C29D831DB0014C8F8 /* Frameworks */ = {
			isa = PBXFrameworksBuildPhase;
			buildActionMask = 2147483647;
			files = (
			);
			runOnlyForDeploymentPostprocessing = 0;
		};
/* End PBXFrameworksBuildPhase section */

/* Begin PBXGroup section */
		842EABE629D831DA0014C8F8 = {
			isa = PBXGroup;
			children = (
				843390162C99A7BF00ED4349 /* Shared */,
				842EABF129D831DA0014C8F8 /* Protecto Pass */,
				842EAC0829D831DB0014C8F8 /* Protecto PassTests */,
				842EAC1229D831DB0014C8F8 /* Protecto PassUITests */,
				842EABF029D831DA0014C8F8 /* Products */,
			);
			sourceTree = "<group>";
		};
		842EABF029D831DA0014C8F8 /* Products */ = {
			isa = PBXGroup;
			children = (
				842EABEF29D831DA0014C8F8 /* Protecto Pass.app */,
				842EAC0529D831DB0014C8F8 /* Protecto PassTests.xctest */,
				842EAC0F29D831DB0014C8F8 /* Protecto PassUITests.xctest */,
			);
			name = Products;
			sourceTree = "<group>";
		};
		842EABF129D831DA0014C8F8 /* Protecto Pass */ = {
			isa = PBXGroup;
			children = (
				842EABF229D831DA0014C8F8 /* Protecto_PassApp.swift */,
				84F4207D29EEA134000D7600 /* Views */,
				842EABF629D831DB0014C8F8 /* Assets.xcassets */,
				842EAC0029D831DB0014C8F8 /* Protecto_Pass.entitlements */,
				842EABFD29D831DB0014C8F8 /* Protecto_Pass.xcdatamodeld */,
				842EABF829D831DB0014C8F8 /* Preview Content */,
			);
			path = "Protecto Pass";
			sourceTree = "<group>";
		};
		842EABF829D831DB0014C8F8 /* Preview Content */ = {
			isa = PBXGroup;
			children = (
				842EABF929D831DB0014C8F8 /* Preview Assets.xcassets */,
			);
			path = "Preview Content";
			sourceTree = "<group>";
		};
		842EAC0829D831DB0014C8F8 /* Protecto PassTests */ = {
			isa = PBXGroup;
			children = (
				842EAC0929D831DB0014C8F8 /* Protecto_PassTests.swift */,
			);
			path = "Protecto PassTests";
			sourceTree = "<group>";
		};
		842EAC1229D831DB0014C8F8 /* Protecto PassUITests */ = {
			isa = PBXGroup;
			children = (
				842EAC1329D831DB0014C8F8 /* Protecto_PassUITests.swift */,
				842EAC1529D831DB0014C8F8 /* Protecto_PassUITestsLaunchTests.swift */,
			);
			path = "Protecto PassUITests";
			sourceTree = "<group>";
		};
		84338FEE2C99A7BF00ED4349 /* Cryptography */ = {
			isa = PBXGroup;
			children = (
				84338FEA2C99A7BF00ED4349 /* Cryptography.swift */,
				84338FEB2C99A7BF00ED4349 /* Decrypter.swift */,
				84338FEC2C99A7BF00ED4349 /* Encrypter.swift */,
				84338FED2C99A7BF00ED4349 /* PasswordGenerator.swift */,
			);
			path = Cryptography;
			sourceTree = "<group>";
		};
		84338FF02C99A7BF00ED4349 /* FileHandlerError */ = {
			isa = PBXGroup;
			children = (
				84338FEF2C99A7BF00ED4349 /* FileImporterErrors.swift */,
			);
			path = FileHandlerError;
			sourceTree = "<group>";
		};
		84338FF22C99A7BF00ED4349 /* PhotoPickerError */ = {
			isa = PBXGroup;
			children = (
				84338FF12C99A7BF00ED4349 /* PhotoPickerErrors.swift */,
			);
			path = PhotoPickerError;
			sourceTree = "<group>";
		};
		84338FF32C99A7BF00ED4349 /* Errors */ = {
			isa = PBXGroup;
			children = (
				84338FF02C99A7BF00ED4349 /* FileHandlerError */,
				84338FF22C99A7BF00ED4349 /* PhotoPickerError */,
			);
			path = Errors;
			sourceTree = "<group>";
		};
		84338FF92C99A7BF00ED4349 /* Mapping */ = {
			isa = PBXGroup;
			children = (
				84338FF42C99A7BF00ED4349 /* DatabaseContentCounter.swift */,
				84338FF52C99A7BF00ED4349 /* DataConverter.swift */,
				84338FF62C99A7BF00ED4349 /* DB_Converter.swift */,
				84338FF72C99A7BF00ED4349 /* FileImportHandler.swift */,
				84338FF82C99A7BF00ED4349 /* PhotoPickerHandler.swift */,
			);
			path = Mapping;
			sourceTree = "<group>";
		};
		843390052C99A7BF00ED4349 /* Database */ = {
			isa = PBXGroup;
			children = (
				84338FFA2C99A7BF00ED4349 /* Database.swift */,
				84338FFB2C99A7BF00ED4349 /* DatabaseContent.swift */,
				84338FFC2C99A7BF00ED4349 /* DB_Document.swift */,
				84338FFD2C99A7BF00ED4349 /* DB_Header.swift */,
				84338FFE2C99A7BF00ED4349 /* DB_Image.swift */,
				84338FFF2C99A7BF00ED4349 /* DB_Video.swift */,
				843390002C99A7BF00ED4349 /* Entry.swift */,
				843390012C99A7BF00ED4349 /* Folder.swift */,
				843390022C99A7BF00ED4349 /* LoadableResource.swift */,
				843390032C99A7BF00ED4349 /* ME_DataStructure.swift */,
				843390042C99A7BF00ED4349 /* NativeType.swift */,
			);
			path = Database;
			sourceTree = "<group>";
		};
		843390072C99A7BF00ED4349 /* DB_Creation */ = {
			isa = PBXGroup;
			children = (
				843390062C99A7BF00ED4349 /* DB_CreationWrapper.swift */,
			);
			path = DB_Creation;
			sourceTree = "<group>";
		};
		843390092C99A7BF00ED4349 /* Models */ = {
			isa = PBXGroup;
			children = (
				843390052C99A7BF00ED4349 /* Database */,
				843390072C99A7BF00ED4349 /* DB_Creation */,
				843390082C99A7BF00ED4349 /* Protecto_Pass.xcdatamodeld */,
			);
			path = Models;
			sourceTree = "<group>";
		};
		843390112C99A7BF00ED4349 /* Storage */ = {
			isa = PBXGroup;
			children = (
				8433900A2C99A7BF00ED4349 /* CoreDataManager.swift */,
				8433900B2C99A7BF00ED4349 /* DatabaseDoesNotExistError.swift */,
				8433900C2C99A7BF00ED4349 /* DatabaseFileManager.swift */,
				8433900D2C99A7BF00ED4349 /* NonexistendPathError.swift */,
				8433900E2C99A7BF00ED4349 /* Persistence.swift */,
				8433900F2C99A7BF00ED4349 /* SandboxManager.swift */,
				843390102C99A7BF00ED4349 /* Storage.swift */,
			);
			path = Storage;
			sourceTree = "<group>";
		};
		843390142C99A7BF00ED4349 /* Components */ = {
			isa = PBXGroup;
			children = (
				843390122C99A7BF00ED4349 /* ListTile.swift */,
				843390132C99A7BF00ED4349 /* PasswordField.swift */,
			);
			path = Components;
			sourceTree = "<group>";
		};
		843390152C99A7BF00ED4349 /* Views */ = {
			isa = PBXGroup;
			children = (
				843390142C99A7BF00ED4349 /* Components */,
			);
			path = Views;
			sourceTree = "<group>";
		};
		843390162C99A7BF00ED4349 /* Shared */ = {
			isa = PBXGroup;
			children = (
				84338FEE2C99A7BF00ED4349 /* Cryptography */,
				84338FF32C99A7BF00ED4349 /* Errors */,
				84338FF92C99A7BF00ED4349 /* Mapping */,
				843390092C99A7BF00ED4349 /* Models */,
				843390112C99A7BF00ED4349 /* Storage */,
				843390152C99A7BF00ED4349 /* Views */,
			);
			name = Shared;
			path = "/Users/jules/Library/Mobile Documents/com~apple~CloudDocs/Second Brain/Arbeit/Business/Development/Xcode/Protecto-Pass/Shared";
			sourceTree = "<absolute>";
		};
		84F4207D29EEA134000D7600 /* Views */ = {
			isa = PBXGroup;
			children = (
				842EABF429D831DA0014C8F8 /* ContentView.swift */,
			);
			path = Views;
			sourceTree = "<group>";
		};
/* End PBXGroup section */

/* Begin PBXNativeTarget section */
		842EABEE29D831DA0014C8F8 /* Protecto Pass */ = {
			isa = PBXNativeTarget;
			buildConfigurationList = 842EAC1929D831DB0014C8F8 /* Build configuration list for PBXNativeTarget "Protecto Pass" */;
			buildPhases = (
				842EABEB29D831DA0014C8F8 /* Sources */,
				842EABEC29D831DA0014C8F8 /* Frameworks */,
				842EABED29D831DA0014C8F8 /* Resources */,
			);
			buildRules = (
			);
			dependencies = (
			);
			name = "Protecto Pass";
			productName = "Protecto Pass";
			productReference = 842EABEF29D831DA0014C8F8 /* Protecto Pass.app */;
			productType = "com.apple.product-type.application";
		};
		842EAC0429D831DB0014C8F8 /* Protecto PassTests */ = {
			isa = PBXNativeTarget;
			buildConfigurationList = 842EAC1C29D831DB0014C8F8 /* Build configuration list for PBXNativeTarget "Protecto PassTests" */;
			buildPhases = (
				842EAC0129D831DB0014C8F8 /* Sources */,
				842EAC0229D831DB0014C8F8 /* Frameworks */,
				842EAC0329D831DB0014C8F8 /* Resources */,
			);
			buildRules = (
			);
			dependencies = (
				842EAC0729D831DB0014C8F8 /* PBXTargetDependency */,
			);
			name = "Protecto PassTests";
			productName = "Protecto PassTests";
			productReference = 842EAC0529D831DB0014C8F8 /* Protecto PassTests.xctest */;
			productType = "com.apple.product-type.bundle.unit-test";
		};
		842EAC0E29D831DB0014C8F8 /* Protecto PassUITests */ = {
			isa = PBXNativeTarget;
			buildConfigurationList = 842EAC1F29D831DB0014C8F8 /* Build configuration list for PBXNativeTarget "Protecto PassUITests" */;
			buildPhases = (
				842EAC0B29D831DB0014C8F8 /* Sources */,
				842EAC0C29D831DB0014C8F8 /* Frameworks */,
				842EAC0D29D831DB0014C8F8 /* Resources */,
			);
			buildRules = (
			);
			dependencies = (
				842EAC1129D831DB0014C8F8 /* PBXTargetDependency */,
			);
			name = "Protecto PassUITests";
			productName = "Protecto PassUITests";
			productReference = 842EAC0F29D831DB0014C8F8 /* Protecto PassUITests.xctest */;
			productType = "com.apple.product-type.bundle.ui-testing";
		};
/* End PBXNativeTarget section */

/* Begin PBXProject section */
		842EABE729D831DA0014C8F8 /* Project object */ = {
			isa = PBXProject;
			attributes = {
				BuildIndependentTargetsInParallel = 1;
				LastSwiftUpdateCheck = 1430;
				LastUpgradeCheck = 1430;
				TargetAttributes = {
					842EABEE29D831DA0014C8F8 = {
						CreatedOnToolsVersion = 14.3;
					};
					842EAC0429D831DB0014C8F8 = {
						CreatedOnToolsVersion = 14.3;
						TestTargetID = 842EABEE29D831DA0014C8F8;
					};
					842EAC0E29D831DB0014C8F8 = {
						CreatedOnToolsVersion = 14.3;
						TestTargetID = 842EABEE29D831DA0014C8F8;
					};
				};
			};
			buildConfigurationList = 842EABEA29D831DA0014C8F8 /* Build configuration list for PBXProject "Protecto Pass" */;
			compatibilityVersion = "Xcode 14.0";
			developmentRegion = en;
			hasScannedForEncodings = 0;
			knownRegions = (
				en,
				Base,
			);
			mainGroup = 842EABE629D831DA0014C8F8;
			productRefGroup = 842EABF029D831DA0014C8F8 /* Products */;
			projectDirPath = "";
			projectRoot = "";
			targets = (
				842EABEE29D831DA0014C8F8 /* Protecto Pass */,
				842EAC0429D831DB0014C8F8 /* Protecto PassTests */,
				842EAC0E29D831DB0014C8F8 /* Protecto PassUITests */,
			);
		};
/* End PBXProject section */

/* Begin PBXResourcesBuildPhase section */
		842EABED29D831DA0014C8F8 /* Resources */ = {
			isa = PBXResourcesBuildPhase;
			buildActionMask = 2147483647;
			files = (
				842EABFA29D831DB0014C8F8 /* Preview Assets.xcassets in Resources */,
				842EABF729D831DB0014C8F8 /* Assets.xcassets in Resources */,
			);
			runOnlyForDeploymentPostprocessing = 0;
		};
		842EAC0329D831DB0014C8F8 /* Resources */ = {
			isa = PBXResourcesBuildPhase;
			buildActionMask = 2147483647;
			files = (
			);
			runOnlyForDeploymentPostprocessing = 0;
		};
		842EAC0D29D831DB0014C8F8 /* Resources */ = {
			isa = PBXResourcesBuildPhase;
			buildActionMask = 2147483647;
			files = (
			);
			runOnlyForDeploymentPostprocessing = 0;
		};
/* End PBXResourcesBuildPhase section */

/* Begin PBXSourcesBuildPhase section */
		842EABEB29D831DA0014C8F8 /* Sources */ = {
			isa = PBXSourcesBuildPhase;
			buildActionMask = 2147483647;
			files = (
				842EABFF29D831DB0014C8F8 /* Protecto_Pass.xcdatamodeld in Sources */,
				842EABF529D831DA0014C8F8 /* ContentView.swift in Sources */,
				843390182C99A7BF00ED4349 /* Encrypter.swift in Sources */,
				843390192C99A7BF00ED4349 /* FileImportHandler.swift in Sources */,
				8433901A2C99A7BF00ED4349 /* PasswordGenerator.swift in Sources */,
				8433901B2C99A7BF00ED4349 /* SandboxManager.swift in Sources */,
				8433901C2C99A7BF00ED4349 /* ME_DataStructure.swift in Sources */,
				8433901D2C99A7BF00ED4349 /* DatabaseFileManager.swift in Sources */,
				8433901E2C99A7BF00ED4349 /* DB_Image.swift in Sources */,
				8433901F2C99A7BF00ED4349 /* Cryptography.swift in Sources */,
				843390202C99A7BF00ED4349 /* DataConverter.swift in Sources */,
				843390212C99A7BF00ED4349 /* PasswordField.swift in Sources */,
				843390222C99A7BF00ED4349 /* Protecto_Pass.xcdatamodeld in Sources */,
				843390232C99A7BF00ED4349 /* DB_Video.swift in Sources */,
				843390242C99A7BF00ED4349 /* DB_Document.swift in Sources */,
				843390252C99A7BF00ED4349 /* ListTile.swift in Sources */,
				843390262C99A7BF00ED4349 /* DB_CreationWrapper.swift in Sources */,
				843390272C99A7BF00ED4349 /* Decrypter.swift in Sources */,
				843390282C99A7BF00ED4349 /* PhotoPickerErrors.swift in Sources */,
				843390292C99A7BF00ED4349 /* Persistence.swift in Sources */,
				8433902A2C99A7BF00ED4349 /* DB_Header.swift in Sources */,
				8433902B2C99A7BF00ED4349 /* DatabaseContentCounter.swift in Sources */,
				8433902C2C99A7BF00ED4349 /* Database.swift in Sources */,
				8433902D2C99A7BF00ED4349 /* DB_Converter.swift in Sources */,
				8433902E2C99A7BF00ED4349 /* NativeType.swift in Sources */,
				8433902F2C99A7BF00ED4349 /* LoadableResource.swift in Sources */,
				843390302C99A7BF00ED4349 /* NonexistendPathError.swift in Sources */,
				843390312C99A7BF00ED4349 /* Folder.swift in Sources */,
				843390322C99A7BF00ED4349 /* CoreDataManager.swift in Sources */,
				843390332C99A7BF00ED4349 /* PhotoPickerHandler.swift in Sources */,
				843390342C99A7BF00ED4349 /* DatabaseContent.swift in Sources */,
				843390352C99A7BF00ED4349 /* Entry.swift in Sources */,
				843390362C99A7BF00ED4349 /* FileImporterErrors.swift in Sources */,
				843390372C99A7BF00ED4349 /* DatabaseDoesNotExistError.swift in Sources */,
				843390382C99A7BF00ED4349 /* Storage.swift in Sources */,
				842EABF329D831DA0014C8F8 /* Protecto_PassApp.swift in Sources */,
			);
			runOnlyForDeploymentPostprocessing = 0;
		};
		842EAC0129D831DB0014C8F8 /* Sources */ = {
			isa = PBXSourcesBuildPhase;
			buildActionMask = 2147483647;
			files = (
				842EAC0A29D831DB0014C8F8 /* Protecto_PassTests.swift in Sources */,
			);
			runOnlyForDeploymentPostprocessing = 0;
		};
		842EAC0B29D831DB0014C8F8 /* Sources */ = {
			isa = PBXSourcesBuildPhase;
			buildActionMask = 2147483647;
			files = (
				842EAC1429D831DB0014C8F8 /* Protecto_PassUITests.swift in Sources */,
				842EAC1629D831DB0014C8F8 /* Protecto_PassUITestsLaunchTests.swift in Sources */,
			);
			runOnlyForDeploymentPostprocessing = 0;
		};
/* End PBXSourcesBuildPhase section */

/* Begin PBXTargetDependency section */
		842EAC0729D831DB0014C8F8 /* PBXTargetDependency */ = {
			isa = PBXTargetDependency;
			target = 842EABEE29D831DA0014C8F8 /* Protecto Pass */;
			targetProxy = 842EAC0629D831DB0014C8F8 /* PBXContainerItemProxy */;
		};
		842EAC1129D831DB0014C8F8 /* PBXTargetDependency */ = {
			isa = PBXTargetDependency;
			target = 842EABEE29D831DA0014C8F8 /* Protecto Pass */;
			targetProxy = 842EAC1029D831DB0014C8F8 /* PBXContainerItemProxy */;
		};
/* End PBXTargetDependency section */

/* Begin XCBuildConfiguration section */
		842EAC1729D831DB0014C8F8 /* Debug */ = {
			isa = XCBuildConfiguration;
			buildSettings = {
				ALWAYS_SEARCH_USER_PATHS = NO;
				CLANG_ANALYZER_NONNULL = YES;
				CLANG_ANALYZER_NUMBER_OBJECT_CONVERSION = YES_AGGRESSIVE;
				CLANG_CXX_LANGUAGE_STANDARD = "gnu++20";
				CLANG_ENABLE_MODULES = YES;
				CLANG_ENABLE_OBJC_ARC = YES;
				CLANG_ENABLE_OBJC_WEAK = YES;
				CLANG_WARN_BLOCK_CAPTURE_AUTORELEASING = YES;
				CLANG_WARN_BOOL_CONVERSION = YES;
				CLANG_WARN_COMMA = YES;
				CLANG_WARN_CONSTANT_CONVERSION = YES;
				CLANG_WARN_DEPRECATED_OBJC_IMPLEMENTATIONS = YES;
				CLANG_WARN_DIRECT_OBJC_ISA_USAGE = YES_ERROR;
				CLANG_WARN_DOCUMENTATION_COMMENTS = YES;
				CLANG_WARN_EMPTY_BODY = YES;
				CLANG_WARN_ENUM_CONVERSION = YES;
				CLANG_WARN_INFINITE_RECURSION = YES;
				CLANG_WARN_INT_CONVERSION = YES;
				CLANG_WARN_NON_LITERAL_NULL_CONVERSION = YES;
				CLANG_WARN_OBJC_IMPLICIT_RETAIN_SELF = YES;
				CLANG_WARN_OBJC_LITERAL_CONVERSION = YES;
				CLANG_WARN_OBJC_ROOT_CLASS = YES_ERROR;
				CLANG_WARN_QUOTED_INCLUDE_IN_FRAMEWORK_HEADER = YES;
				CLANG_WARN_RANGE_LOOP_ANALYSIS = YES;
				CLANG_WARN_STRICT_PROTOTYPES = YES;
				CLANG_WARN_SUSPICIOUS_MOVE = YES;
				CLANG_WARN_UNGUARDED_AVAILABILITY = YES_AGGRESSIVE;
				CLANG_WARN_UNREACHABLE_CODE = YES;
				CLANG_WARN__DUPLICATE_METHOD_MATCH = YES;
				COPY_PHASE_STRIP = NO;
				DEBUG_INFORMATION_FORMAT = dwarf;
				ENABLE_STRICT_OBJC_MSGSEND = YES;
				ENABLE_TESTABILITY = YES;
				GCC_C_LANGUAGE_STANDARD = gnu11;
				GCC_DYNAMIC_NO_PIC = NO;
				GCC_NO_COMMON_BLOCKS = YES;
				GCC_OPTIMIZATION_LEVEL = 0;
				GCC_PREPROCESSOR_DEFINITIONS = (
					"DEBUG=1",
					"$(inherited)",
				);
				GCC_WARN_64_TO_32_BIT_CONVERSION = YES;
				GCC_WARN_ABOUT_RETURN_TYPE = YES_ERROR;
				GCC_WARN_UNDECLARED_SELECTOR = YES;
				GCC_WARN_UNINITIALIZED_AUTOS = YES_AGGRESSIVE;
				GCC_WARN_UNUSED_FUNCTION = YES;
				GCC_WARN_UNUSED_VARIABLE = YES;
				MACOSX_DEPLOYMENT_TARGET = 13.3;
				MTL_ENABLE_DEBUG_INFO = INCLUDE_SOURCE;
				MTL_FAST_MATH = YES;
				ONLY_ACTIVE_ARCH = YES;
				SDKROOT = macosx;
				SWIFT_ACTIVE_COMPILATION_CONDITIONS = DEBUG;
				SWIFT_OPTIMIZATION_LEVEL = "-Onone";
			};
			name = Debug;
		};
		842EAC1829D831DB0014C8F8 /* Release */ = {
			isa = XCBuildConfiguration;
			buildSettings = {
				ALWAYS_SEARCH_USER_PATHS = NO;
				CLANG_ANALYZER_NONNULL = YES;
				CLANG_ANALYZER_NUMBER_OBJECT_CONVERSION = YES_AGGRESSIVE;
				CLANG_CXX_LANGUAGE_STANDARD = "gnu++20";
				CLANG_ENABLE_MODULES = YES;
				CLANG_ENABLE_OBJC_ARC = YES;
				CLANG_ENABLE_OBJC_WEAK = YES;
				CLANG_WARN_BLOCK_CAPTURE_AUTORELEASING = YES;
				CLANG_WARN_BOOL_CONVERSION = YES;
				CLANG_WARN_COMMA = YES;
				CLANG_WARN_CONSTANT_CONVERSION = YES;
				CLANG_WARN_DEPRECATED_OBJC_IMPLEMENTATIONS = YES;
				CLANG_WARN_DIRECT_OBJC_ISA_USAGE = YES_ERROR;
				CLANG_WARN_DOCUMENTATION_COMMENTS = YES;
				CLANG_WARN_EMPTY_BODY = YES;
				CLANG_WARN_ENUM_CONVERSION = YES;
				CLANG_WARN_INFINITE_RECURSION = YES;
				CLANG_WARN_INT_CONVERSION = YES;
				CLANG_WARN_NON_LITERAL_NULL_CONVERSION = YES;
				CLANG_WARN_OBJC_IMPLICIT_RETAIN_SELF = YES;
				CLANG_WARN_OBJC_LITERAL_CONVERSION = YES;
				CLANG_WARN_OBJC_ROOT_CLASS = YES_ERROR;
				CLANG_WARN_QUOTED_INCLUDE_IN_FRAMEWORK_HEADER = YES;
				CLANG_WARN_RANGE_LOOP_ANALYSIS = YES;
				CLANG_WARN_STRICT_PROTOTYPES = YES;
				CLANG_WARN_SUSPICIOUS_MOVE = YES;
				CLANG_WARN_UNGUARDED_AVAILABILITY = YES_AGGRESSIVE;
				CLANG_WARN_UNREACHABLE_CODE = YES;
				CLANG_WARN__DUPLICATE_METHOD_MATCH = YES;
				COPY_PHASE_STRIP = NO;
				DEBUG_INFORMATION_FORMAT = "dwarf-with-dsym";
				ENABLE_NS_ASSERTIONS = NO;
				ENABLE_STRICT_OBJC_MSGSEND = YES;
				GCC_C_LANGUAGE_STANDARD = gnu11;
				GCC_NO_COMMON_BLOCKS = YES;
				GCC_WARN_64_TO_32_BIT_CONVERSION = YES;
				GCC_WARN_ABOUT_RETURN_TYPE = YES_ERROR;
				GCC_WARN_UNDECLARED_SELECTOR = YES;
				GCC_WARN_UNINITIALIZED_AUTOS = YES_AGGRESSIVE;
				GCC_WARN_UNUSED_FUNCTION = YES;
				GCC_WARN_UNUSED_VARIABLE = YES;
				MACOSX_DEPLOYMENT_TARGET = 13.3;
				MTL_ENABLE_DEBUG_INFO = NO;
				MTL_FAST_MATH = YES;
				SDKROOT = macosx;
				SWIFT_COMPILATION_MODE = wholemodule;
				SWIFT_OPTIMIZATION_LEVEL = "-O";
			};
			name = Release;
		};
		842EAC1A29D831DB0014C8F8 /* Debug */ = {
			isa = XCBuildConfiguration;
			buildSettings = {
				ASSETCATALOG_COMPILER_APPICON_NAME = AppIcon;
				ASSETCATALOG_COMPILER_GLOBAL_ACCENT_COLOR_NAME = AccentColor;
				CODE_SIGN_ENTITLEMENTS = "Protecto Pass/Protecto_Pass.entitlements";
				CODE_SIGN_STYLE = Automatic;
				COMBINE_HIDPI_IMAGES = YES;
				CURRENT_PROJECT_VERSION = 1;
				DEVELOPMENT_ASSET_PATHS = "\"Protecto Pass/Preview Content\"";
				DEVELOPMENT_TEAM = Q87UDX5898;
				ENABLE_HARDENED_RUNTIME = YES;
				ENABLE_PREVIEWS = YES;
				GENERATE_INFOPLIST_FILE = YES;
				INFOPLIST_KEY_NSHumanReadableCopyright = "";
				LD_RUNPATH_SEARCH_PATHS = (
					"$(inherited)",
					"@executable_path/../Frameworks",
				);
				MARKETING_VERSION = 1.0;
				PRODUCT_BUNDLE_IDENTIFIER = "dev.jules.Protecto-Pass";
				PRODUCT_NAME = "$(TARGET_NAME)";
				SWIFT_EMIT_LOC_STRINGS = YES;
				SWIFT_VERSION = 5.0;
			};
			name = Debug;
		};
		842EAC1B29D831DB0014C8F8 /* Release */ = {
			isa = XCBuildConfiguration;
			buildSettings = {
				ASSETCATALOG_COMPILER_APPICON_NAME = AppIcon;
				ASSETCATALOG_COMPILER_GLOBAL_ACCENT_COLOR_NAME = AccentColor;
				CODE_SIGN_ENTITLEMENTS = "Protecto Pass/Protecto_Pass.entitlements";
				CODE_SIGN_STYLE = Automatic;
				COMBINE_HIDPI_IMAGES = YES;
				CURRENT_PROJECT_VERSION = 1;
				DEVELOPMENT_ASSET_PATHS = "\"Protecto Pass/Preview Content\"";
				DEVELOPMENT_TEAM = Q87UDX5898;
				ENABLE_HARDENED_RUNTIME = YES;
				ENABLE_PREVIEWS = YES;
				GENERATE_INFOPLIST_FILE = YES;
				INFOPLIST_KEY_NSHumanReadableCopyright = "";
				LD_RUNPATH_SEARCH_PATHS = (
					"$(inherited)",
					"@executable_path/../Frameworks",
				);
				MARKETING_VERSION = 1.0;
				PRODUCT_BUNDLE_IDENTIFIER = "dev.jules.Protecto-Pass";
				PRODUCT_NAME = "$(TARGET_NAME)";
				SWIFT_EMIT_LOC_STRINGS = YES;
				SWIFT_VERSION = 5.0;
			};
			name = Release;
		};
		842EAC1D29D831DB0014C8F8 /* Debug */ = {
			isa = XCBuildConfiguration;
			buildSettings = {
				ALWAYS_EMBED_SWIFT_STANDARD_LIBRARIES = YES;
				BUNDLE_LOADER = "$(TEST_HOST)";
				CODE_SIGN_STYLE = Automatic;
				CURRENT_PROJECT_VERSION = 1;
				DEVELOPMENT_TEAM = Q87UDX5898;
				GENERATE_INFOPLIST_FILE = YES;
				MACOSX_DEPLOYMENT_TARGET = 13.3;
				MARKETING_VERSION = 1.0;
				PRODUCT_BUNDLE_IDENTIFIER = "dev.jules.Protecto-PassTests";
				PRODUCT_NAME = "$(TARGET_NAME)";
				SWIFT_EMIT_LOC_STRINGS = NO;
				SWIFT_VERSION = 5.0;
				TEST_HOST = "$(BUILT_PRODUCTS_DIR)/Protecto Pass.app/$(BUNDLE_EXECUTABLE_FOLDER_PATH)/Protecto Pass";
			};
			name = Debug;
		};
		842EAC1E29D831DB0014C8F8 /* Release */ = {
			isa = XCBuildConfiguration;
			buildSettings = {
				ALWAYS_EMBED_SWIFT_STANDARD_LIBRARIES = YES;
				BUNDLE_LOADER = "$(TEST_HOST)";
				CODE_SIGN_STYLE = Automatic;
				CURRENT_PROJECT_VERSION = 1;
				DEVELOPMENT_TEAM = Q87UDX5898;
				GENERATE_INFOPLIST_FILE = YES;
				MACOSX_DEPLOYMENT_TARGET = 13.3;
				MARKETING_VERSION = 1.0;
				PRODUCT_BUNDLE_IDENTIFIER = "dev.jules.Protecto-PassTests";
				PRODUCT_NAME = "$(TARGET_NAME)";
				SWIFT_EMIT_LOC_STRINGS = NO;
				SWIFT_VERSION = 5.0;
				TEST_HOST = "$(BUILT_PRODUCTS_DIR)/Protecto Pass.app/$(BUNDLE_EXECUTABLE_FOLDER_PATH)/Protecto Pass";
			};
			name = Release;
		};
		842EAC2029D831DB0014C8F8 /* Debug */ = {
			isa = XCBuildConfiguration;
			buildSettings = {
				ALWAYS_EMBED_SWIFT_STANDARD_LIBRARIES = YES;
				CODE_SIGN_STYLE = Automatic;
				CURRENT_PROJECT_VERSION = 1;
				DEVELOPMENT_TEAM = Q87UDX5898;
				GENERATE_INFOPLIST_FILE = YES;
				MARKETING_VERSION = 1.0;
				PRODUCT_BUNDLE_IDENTIFIER = "dev.jules.Protecto-PassUITests";
				PRODUCT_NAME = "$(TARGET_NAME)";
				SWIFT_EMIT_LOC_STRINGS = NO;
				SWIFT_VERSION = 5.0;
				TEST_TARGET_NAME = "Protecto Pass";
			};
			name = Debug;
		};
		842EAC2129D831DB0014C8F8 /* Release */ = {
			isa = XCBuildConfiguration;
			buildSettings = {
				ALWAYS_EMBED_SWIFT_STANDARD_LIBRARIES = YES;
				CODE_SIGN_STYLE = Automatic;
				CURRENT_PROJECT_VERSION = 1;
				DEVELOPMENT_TEAM = Q87UDX5898;
				GENERATE_INFOPLIST_FILE = YES;
				MARKETING_VERSION = 1.0;
				PRODUCT_BUNDLE_IDENTIFIER = "dev.jules.Protecto-PassUITests";
				PRODUCT_NAME = "$(TARGET_NAME)";
				SWIFT_EMIT_LOC_STRINGS = NO;
				SWIFT_VERSION = 5.0;
				TEST_TARGET_NAME = "Protecto Pass";
			};
			name = Release;
		};
/* End XCBuildConfiguration section */

/* Begin XCConfigurationList section */
		842EABEA29D831DA0014C8F8 /* Build configuration list for PBXProject "Protecto Pass" */ = {
			isa = XCConfigurationList;
			buildConfigurations = (
				842EAC1729D831DB0014C8F8 /* Debug */,
				842EAC1829D831DB0014C8F8 /* Release */,
			);
			defaultConfigurationIsVisible = 0;
			defaultConfigurationName = Release;
		};
		842EAC1929D831DB0014C8F8 /* Build configuration list for PBXNativeTarget "Protecto Pass" */ = {
			isa = XCConfigurationList;
			buildConfigurations = (
				842EAC1A29D831DB0014C8F8 /* Debug */,
				842EAC1B29D831DB0014C8F8 /* Release */,
			);
			defaultConfigurationIsVisible = 0;
			defaultConfigurationName = Release;
		};
		842EAC1C29D831DB0014C8F8 /* Build configuration list for PBXNativeTarget "Protecto PassTests" */ = {
			isa = XCConfigurationList;
			buildConfigurations = (
				842EAC1D29D831DB0014C8F8 /* Debug */,
				842EAC1E29D831DB0014C8F8 /* Release */,
			);
			defaultConfigurationIsVisible = 0;
			defaultConfigurationName = Release;
		};
		842EAC1F29D831DB0014C8F8 /* Build configuration list for PBXNativeTarget "Protecto PassUITests" */ = {
			isa = XCConfigurationList;
			buildConfigurations = (
				842EAC2029D831DB0014C8F8 /* Debug */,
				842EAC2129D831DB0014C8F8 /* Release */,
			);
			defaultConfigurationIsVisible = 0;
			defaultConfigurationName = Release;
		};
/* End XCConfigurationList section */

/* Begin XCVersionGroup section */
		842EABFD29D831DB0014C8F8 /* Protecto_Pass.xcdatamodeld */ = {
			isa = XCVersionGroup;
			children = (
				842EABFE29D831DB0014C8F8 /* Protecto_Pass.xcdatamodel */,
			);
			currentVersion = 842EABFE29D831DB0014C8F8 /* Protecto_Pass.xcdatamodel */;
			path = Protecto_Pass.xcdatamodeld;
			sourceTree = "<group>";
			versionGroupType = wrapper.xcdatamodel;
		};
		843390082C99A7BF00ED4349 /* Protecto_Pass.xcdatamodeld */ = {
			isa = XCVersionGroup;
			children = (
				843390172C99A7BF00ED4349 /* Protecto_Pass.xcdatamodel */,
			);
			currentVersion = 843390172C99A7BF00ED4349 /* Protecto_Pass.xcdatamodel */;
			path = Protecto_Pass.xcdatamodeld;
			sourceTree = "<group>";
			versionGroupType = wrapper.xcdatamodel;
		};
/* End XCVersionGroup section */
	};
	rootObject = 842EABE729D831DA0014C8F8 /* Project object */;
}
