// !$*UTF8*$!
{
	archiveVersion = 1;
	classes = {
	};
	objectVersion = 56;
	objects = {

/* Begin PBXBuildFile section */
		842EAC6B29D832670014C8F8 /* Protecto_PassApp.swift in Sources */ = {isa = PBXBuildFile; fileRef = 842EAC6A29D832670014C8F8 /* Protecto_PassApp.swift */; };
		842EAC6D29D832670014C8F8 /* Welcome.swift in Sources */ = {isa = PBXBuildFile; fileRef = 842EAC6C29D832670014C8F8 /* Welcome.swift */; };
		842EAC6F29D832680014C8F8 /* Assets.xcassets in Resources */ = {isa = PBXBuildFile; fileRef = 842EAC6E29D832680014C8F8 /* Assets.xcassets */; };
		842EAC7229D832680014C8F8 /* Preview Assets.xcassets in Resources */ = {isa = PBXBuildFile; fileRef = 842EAC7129D832680014C8F8 /* Preview Assets.xcassets */; };
		842EAC8229D832680014C8F8 /* Protecto_PassTests.swift in Sources */ = {isa = PBXBuildFile; fileRef = 842EAC8129D832680014C8F8 /* Protecto_PassTests.swift */; };
		842EAC8C29D832680014C8F8 /* Protecto_PassUITests.swift in Sources */ = {isa = PBXBuildFile; fileRef = 842EAC8B29D832680014C8F8 /* Protecto_PassUITests.swift */; };
		842EAC8E29D832680014C8F8 /* Protecto_PassUITestsLaunchTests.swift in Sources */ = {isa = PBXBuildFile; fileRef = 842EAC8D29D832680014C8F8 /* Protecto_PassUITestsLaunchTests.swift */; };
		848480B429EFF09D008EA77C /* AddDB.swift in Sources */ = {isa = PBXBuildFile; fileRef = 848480B329EFF09D008EA77C /* AddDB.swift */; };
		84922B362A21E18500CE7945 /* DB_Converter.swift in Sources */ = {isa = PBXBuildFile; fileRef = 84922B352A21E18500CE7945 /* DB_Converter.swift */; };
		84922B392A21F11300CE7945 /* SetUpView.swift in Sources */ = {isa = PBXBuildFile; fileRef = 84922B382A21F11300CE7945 /* SetUpView.swift */; };
		84922B3B2A21F15600CE7945 /* Home.swift in Sources */ = {isa = PBXBuildFile; fileRef = 84922B3A2A21F15600CE7945 /* Home.swift */; };
		84E4C5122A249E87005D793F /* Cryptography.swift in Sources */ = {isa = PBXBuildFile; fileRef = 84E4C5112A249E87005D793F /* Cryptography.swift */; };
		84E4C5142A25CEA2005D793F /* PasswordGenerator.swift in Sources */ = {isa = PBXBuildFile; fileRef = 84E4C5132A25CEA2005D793F /* PasswordGenerator.swift */; };
		84E4C5172A263FB8005D793F /* AddDB_Password.swift in Sources */ = {isa = PBXBuildFile; fileRef = 84E4C5162A263FB8005D793F /* AddDB_Password.swift */; };
		84F4207229EEA0F2000D7600 /* CD_Database+CoreDataClass.swift in Sources */ = {isa = PBXBuildFile; fileRef = 84F4206429EEA0F1000D7600 /* CD_Database+CoreDataClass.swift */; };
		84F4207329EEA0F2000D7600 /* CD_Entry+CoreDataClass.swift in Sources */ = {isa = PBXBuildFile; fileRef = 84F4206529EEA0F1000D7600 /* CD_Entry+CoreDataClass.swift */; };
		84F4207429EEA0F2000D7600 /* CD_Folder+CoreDataClass.swift in Sources */ = {isa = PBXBuildFile; fileRef = 84F4206629EEA0F1000D7600 /* CD_Folder+CoreDataClass.swift */; };
		84F4207529EEA0F2000D7600 /* Folder.swift in Sources */ = {isa = PBXBuildFile; fileRef = 84F4206829EEA0F1000D7600 /* Folder.swift */; };
		84F4207629EEA0F2000D7600 /* Entry.swift in Sources */ = {isa = PBXBuildFile; fileRef = 84F4206929EEA0F1000D7600 /* Entry.swift */; };
		84F4207729EEA0F2000D7600 /* DB_Header.swift in Sources */ = {isa = PBXBuildFile; fileRef = 84F4206A29EEA0F1000D7600 /* DB_Header.swift */; };
		84F4207829EEA0F2000D7600 /* Database.swift in Sources */ = {isa = PBXBuildFile; fileRef = 84F4206B29EEA0F1000D7600 /* Database.swift */; };
		84F4207929EEA0F2000D7600 /* Protecto_Pass.xcdatamodeld in Sources */ = {isa = PBXBuildFile; fileRef = 84F4206C29EEA0F1000D7600 /* Protecto_Pass.xcdatamodeld */; };
		84F4207A29EEA0F2000D7600 /* Storage.swift in Sources */ = {isa = PBXBuildFile; fileRef = 84F4206F29EEA0F1000D7600 /* Storage.swift */; };
		84F4207B29EEA0F2000D7600 /* Persistence.swift in Sources */ = {isa = PBXBuildFile; fileRef = 84F4207029EEA0F1000D7600 /* Persistence.swift */; };
		84F4207C29EEA0F2000D7600 /* FileManager.swift in Sources */ = {isa = PBXBuildFile; fileRef = 84F4207129EEA0F1000D7600 /* FileManager.swift */; };
		84F4209B29EEA22A000D7600 /* UnlockDB.swift in Sources */ = {isa = PBXBuildFile; fileRef = 84F4209A29EEA22A000D7600 /* UnlockDB.swift */; };
		84F8850C2A07F7A000B35956 /* Encrypter.swift in Sources */ = {isa = PBXBuildFile; fileRef = 84F8850B2A07F7A000B35956 /* Encrypter.swift */; };
		84F8850E2A07F7AC00B35956 /* Decrypter.swift in Sources */ = {isa = PBXBuildFile; fileRef = 84F8850D2A07F7AC00B35956 /* Decrypter.swift */; };
/* End PBXBuildFile section */

/* Begin PBXContainerItemProxy section */
		842EAC7E29D832680014C8F8 /* PBXContainerItemProxy */ = {
			isa = PBXContainerItemProxy;
			containerPortal = 842EAC5F29D832670014C8F8 /* Project object */;
			proxyType = 1;
			remoteGlobalIDString = 842EAC6629D832670014C8F8;
			remoteInfo = "Protecto Pass";
		};
		842EAC8829D832680014C8F8 /* PBXContainerItemProxy */ = {
			isa = PBXContainerItemProxy;
			containerPortal = 842EAC5F29D832670014C8F8 /* Project object */;
			proxyType = 1;
			remoteGlobalIDString = 842EAC6629D832670014C8F8;
			remoteInfo = "Protecto Pass";
		};
/* End PBXContainerItemProxy section */

/* Begin PBXFileReference section */
		842EAC6729D832670014C8F8 /* Protecto Pass.app */ = {isa = PBXFileReference; explicitFileType = wrapper.application; includeInIndex = 0; path = "Protecto Pass.app"; sourceTree = BUILT_PRODUCTS_DIR; };
		842EAC6A29D832670014C8F8 /* Protecto_PassApp.swift */ = {isa = PBXFileReference; lastKnownFileType = sourcecode.swift; path = Protecto_PassApp.swift; sourceTree = "<group>"; };
		842EAC6C29D832670014C8F8 /* Welcome.swift */ = {isa = PBXFileReference; lastKnownFileType = sourcecode.swift; path = Welcome.swift; sourceTree = "<group>"; };
		842EAC6E29D832680014C8F8 /* Assets.xcassets */ = {isa = PBXFileReference; lastKnownFileType = folder.assetcatalog; path = Assets.xcassets; sourceTree = "<group>"; };
		842EAC7129D832680014C8F8 /* Preview Assets.xcassets */ = {isa = PBXFileReference; lastKnownFileType = folder.assetcatalog; path = "Preview Assets.xcassets"; sourceTree = "<group>"; };
		842EAC7829D832680014C8F8 /* Info.plist */ = {isa = PBXFileReference; lastKnownFileType = text.plist.xml; path = Info.plist; sourceTree = "<group>"; };
		842EAC7D29D832680014C8F8 /* Protecto PassTests.xctest */ = {isa = PBXFileReference; explicitFileType = wrapper.cfbundle; includeInIndex = 0; path = "Protecto PassTests.xctest"; sourceTree = BUILT_PRODUCTS_DIR; };
		842EAC8129D832680014C8F8 /* Protecto_PassTests.swift */ = {isa = PBXFileReference; lastKnownFileType = sourcecode.swift; path = Protecto_PassTests.swift; sourceTree = "<group>"; };
		842EAC8729D832680014C8F8 /* Protecto PassUITests.xctest */ = {isa = PBXFileReference; explicitFileType = wrapper.cfbundle; includeInIndex = 0; path = "Protecto PassUITests.xctest"; sourceTree = BUILT_PRODUCTS_DIR; };
		842EAC8B29D832680014C8F8 /* Protecto_PassUITests.swift */ = {isa = PBXFileReference; lastKnownFileType = sourcecode.swift; path = Protecto_PassUITests.swift; sourceTree = "<group>"; };
		842EAC8D29D832680014C8F8 /* Protecto_PassUITestsLaunchTests.swift */ = {isa = PBXFileReference; lastKnownFileType = sourcecode.swift; path = Protecto_PassUITestsLaunchTests.swift; sourceTree = "<group>"; };
		848480B329EFF09D008EA77C /* AddDB.swift */ = {isa = PBXFileReference; lastKnownFileType = sourcecode.swift; path = AddDB.swift; sourceTree = "<group>"; };
		84922B352A21E18500CE7945 /* DB_Converter.swift */ = {isa = PBXFileReference; lastKnownFileType = sourcecode.swift; path = DB_Converter.swift; sourceTree = "<group>"; };
		84922B382A21F11300CE7945 /* SetUpView.swift */ = {isa = PBXFileReference; lastKnownFileType = sourcecode.swift; path = SetUpView.swift; sourceTree = "<group>"; };
		84922B3A2A21F15600CE7945 /* Home.swift */ = {isa = PBXFileReference; lastKnownFileType = sourcecode.swift; path = Home.swift; sourceTree = "<group>"; };
		84E4C5112A249E87005D793F /* Cryptography.swift */ = {isa = PBXFileReference; lastKnownFileType = sourcecode.swift; path = Cryptography.swift; sourceTree = "<group>"; };
		84E4C5132A25CEA2005D793F /* PasswordGenerator.swift */ = {isa = PBXFileReference; lastKnownFileType = sourcecode.swift; path = PasswordGenerator.swift; sourceTree = "<group>"; };
		84E4C5162A263FB8005D793F /* AddDB_Password.swift */ = {isa = PBXFileReference; lastKnownFileType = sourcecode.swift; path = AddDB_Password.swift; sourceTree = "<group>"; };
		84E4C5182A264D56005D793F /* Protecto Pass.entitlements */ = {isa = PBXFileReference; lastKnownFileType = text.plist.entitlements; path = "Protecto Pass.entitlements"; sourceTree = "<group>"; };
		84E4C5192A264DED005D793F /* Protecto-Pass-Info.plist */ = {isa = PBXFileReference; lastKnownFileType = text.plist; path = "Protecto-Pass-Info.plist"; sourceTree = SOURCE_ROOT; };
		84F4206429EEA0F1000D7600 /* CD_Database+CoreDataClass.swift */ = {isa = PBXFileReference; fileEncoding = 4; lastKnownFileType = sourcecode.swift; path = "CD_Database+CoreDataClass.swift"; sourceTree = "<group>"; };
		84F4206529EEA0F1000D7600 /* CD_Entry+CoreDataClass.swift */ = {isa = PBXFileReference; fileEncoding = 4; lastKnownFileType = sourcecode.swift; path = "CD_Entry+CoreDataClass.swift"; sourceTree = "<group>"; };
		84F4206629EEA0F1000D7600 /* CD_Folder+CoreDataClass.swift */ = {isa = PBXFileReference; fileEncoding = 4; lastKnownFileType = sourcecode.swift; path = "CD_Folder+CoreDataClass.swift"; sourceTree = "<group>"; };
		84F4206829EEA0F1000D7600 /* Folder.swift */ = {isa = PBXFileReference; fileEncoding = 4; lastKnownFileType = sourcecode.swift; path = Folder.swift; sourceTree = "<group>"; };
		84F4206929EEA0F1000D7600 /* Entry.swift */ = {isa = PBXFileReference; fileEncoding = 4; lastKnownFileType = sourcecode.swift; path = Entry.swift; sourceTree = "<group>"; };
		84F4206A29EEA0F1000D7600 /* DB_Header.swift */ = {isa = PBXFileReference; fileEncoding = 4; lastKnownFileType = sourcecode.swift; path = DB_Header.swift; sourceTree = "<group>"; };
		84F4206B29EEA0F1000D7600 /* Database.swift */ = {isa = PBXFileReference; fileEncoding = 4; lastKnownFileType = sourcecode.swift; path = Database.swift; sourceTree = "<group>"; };
		84F4206D29EEA0F1000D7600 /* Protecto_Pass.xcdatamodel */ = {isa = PBXFileReference; lastKnownFileType = wrapper.xcdatamodel; path = Protecto_Pass.xcdatamodel; sourceTree = "<group>"; };
		84F4206F29EEA0F1000D7600 /* Storage.swift */ = {isa = PBXFileReference; fileEncoding = 4; lastKnownFileType = sourcecode.swift; path = Storage.swift; sourceTree = "<group>"; };
		84F4207029EEA0F1000D7600 /* Persistence.swift */ = {isa = PBXFileReference; fileEncoding = 4; lastKnownFileType = sourcecode.swift; path = Persistence.swift; sourceTree = "<group>"; };
		84F4207129EEA0F1000D7600 /* FileManager.swift */ = {isa = PBXFileReference; fileEncoding = 4; lastKnownFileType = sourcecode.swift; path = FileManager.swift; sourceTree = "<group>"; };
		84F4209A29EEA22A000D7600 /* UnlockDB.swift */ = {isa = PBXFileReference; lastKnownFileType = sourcecode.swift; path = UnlockDB.swift; sourceTree = "<group>"; };
		84F8850B2A07F7A000B35956 /* Encrypter.swift */ = {isa = PBXFileReference; lastKnownFileType = sourcecode.swift; path = Encrypter.swift; sourceTree = "<group>"; };
		84F8850D2A07F7AC00B35956 /* Decrypter.swift */ = {isa = PBXFileReference; lastKnownFileType = sourcecode.swift; path = Decrypter.swift; sourceTree = "<group>"; };
/* End PBXFileReference section */

/* Begin PBXFrameworksBuildPhase section */
		842EAC6429D832670014C8F8 /* Frameworks */ = {
			isa = PBXFrameworksBuildPhase;
			buildActionMask = 2147483647;
			files = (
			);
			runOnlyForDeploymentPostprocessing = 0;
		};
		842EAC7A29D832680014C8F8 /* Frameworks */ = {
			isa = PBXFrameworksBuildPhase;
			buildActionMask = 2147483647;
			files = (
			);
			runOnlyForDeploymentPostprocessing = 0;
		};
		842EAC8429D832680014C8F8 /* Frameworks */ = {
			isa = PBXFrameworksBuildPhase;
			buildActionMask = 2147483647;
			files = (
			);
			runOnlyForDeploymentPostprocessing = 0;
		};
/* End PBXFrameworksBuildPhase section */

/* Begin PBXGroup section */
		842EAC5E29D832670014C8F8 = {
			isa = PBXGroup;
			children = (
				842EAC6929D832670014C8F8 /* Protecto Pass */,
				842EAC8029D832680014C8F8 /* Protecto PassTests */,
				842EAC8A29D832680014C8F8 /* Protecto PassUITests */,
				842EAC6829D832670014C8F8 /* Products */,
			);
			sourceTree = "<group>";
		};
		842EAC6829D832670014C8F8 /* Products */ = {
			isa = PBXGroup;
			children = (
				842EAC6729D832670014C8F8 /* Protecto Pass.app */,
				842EAC7D29D832680014C8F8 /* Protecto PassTests.xctest */,
				842EAC8729D832680014C8F8 /* Protecto PassUITests.xctest */,
			);
			name = Products;
			sourceTree = "<group>";
		};
		842EAC6929D832670014C8F8 /* Protecto Pass */ = {
			isa = PBXGroup;
			children = (
				84E4C5192A264DED005D793F /* Protecto-Pass-Info.plist */,
				84E4C5182A264D56005D793F /* Protecto Pass.entitlements */,
				842EAC6A29D832670014C8F8 /* Protecto_PassApp.swift */,
				84F4206129EEA0F1000D7600 /* Shared */,
				84C4749C29E446F400543BA0 /* Views */,
				842EAC6E29D832680014C8F8 /* Assets.xcassets */,
				842EAC7829D832680014C8F8 /* Info.plist */,
				842EAC7029D832680014C8F8 /* Preview Content */,
			);
			path = "Protecto Pass";
			sourceTree = "<group>";
		};
		842EAC7029D832680014C8F8 /* Preview Content */ = {
			isa = PBXGroup;
			children = (
				842EAC7129D832680014C8F8 /* Preview Assets.xcassets */,
			);
			path = "Preview Content";
			sourceTree = "<group>";
		};
		842EAC8029D832680014C8F8 /* Protecto PassTests */ = {
			isa = PBXGroup;
			children = (
				842EAC8129D832680014C8F8 /* Protecto_PassTests.swift */,
			);
			path = "Protecto PassTests";
			sourceTree = "<group>";
		};
		842EAC8A29D832680014C8F8 /* Protecto PassUITests */ = {
			isa = PBXGroup;
			children = (
				842EAC8B29D832680014C8F8 /* Protecto_PassUITests.swift */,
				842EAC8D29D832680014C8F8 /* Protecto_PassUITestsLaunchTests.swift */,
			);
			path = "Protecto PassUITests";
			sourceTree = "<group>";
		};
		84922B342A21E16F00CE7945 /* Mapping */ = {
			isa = PBXGroup;
			children = (
				84922B352A21E18500CE7945 /* DB_Converter.swift */,
			);
			path = Mapping;
			sourceTree = "<group>";
		};
		84922B372A21F0FE00CE7945 /* Welcome */ = {
			isa = PBXGroup;
			children = (
				842EAC6C29D832670014C8F8 /* Welcome.swift */,
				84922B382A21F11300CE7945 /* SetUpView.swift */,
			);
			path = Welcome;
			sourceTree = "<group>";
		};
		84C4749C29E446F400543BA0 /* Views */ = {
			isa = PBXGroup;
			children = (
				84E4C5152A263F7F005D793F /* AddDB */,
				84922B372A21F0FE00CE7945 /* Welcome */,
				84F4209A29EEA22A000D7600 /* UnlockDB.swift */,
				84922B3A2A21F15600CE7945 /* Home.swift */,
			);
			path = Views;
			sourceTree = "<group>";
		};
		84E4C5152A263F7F005D793F /* AddDB */ = {
			isa = PBXGroup;
			children = (
				848480B329EFF09D008EA77C /* AddDB.swift */,
				84E4C5162A263FB8005D793F /* AddDB_Password.swift */,
			);
			path = AddDB;
			sourceTree = "<group>";
		};
		84F4206129EEA0F1000D7600 /* Shared */ = {
			isa = PBXGroup;
			children = (
				84922B342A21E16F00CE7945 /* Mapping */,
				84F8850A2A07F79500B35956 /* Cryptography */,
				84F4206229EEA0F1000D7600 /* Models */,
				84F4206E29EEA0F1000D7600 /* Storage */,
			);
			name = Shared;
			path = ../../../Shared;
			sourceTree = "<group>";
		};
		84F4206229EEA0F1000D7600 /* Models */ = {
			isa = PBXGroup;
			children = (
				84F4206329EEA0F1000D7600 /* Generated */,
				84F4206729EEA0F1000D7600 /* Database */,
				84F4206C29EEA0F1000D7600 /* Protecto_Pass.xcdatamodeld */,
			);
			path = Models;
			sourceTree = "<group>";
		};
		84F4206329EEA0F1000D7600 /* Generated */ = {
			isa = PBXGroup;
			children = (
				84F4206429EEA0F1000D7600 /* CD_Database+CoreDataClass.swift */,
				84F4206529EEA0F1000D7600 /* CD_Entry+CoreDataClass.swift */,
				84F4206629EEA0F1000D7600 /* CD_Folder+CoreDataClass.swift */,
			);
			path = Generated;
			sourceTree = "<group>";
		};
		84F4206729EEA0F1000D7600 /* Database */ = {
			isa = PBXGroup;
			children = (
				84F4206829EEA0F1000D7600 /* Folder.swift */,
				84F4206929EEA0F1000D7600 /* Entry.swift */,
				84F4206A29EEA0F1000D7600 /* DB_Header.swift */,
				84F4206B29EEA0F1000D7600 /* Database.swift */,
			);
			path = Database;
			sourceTree = "<group>";
		};
		84F4206E29EEA0F1000D7600 /* Storage */ = {
			isa = PBXGroup;
			children = (
				84F4206F29EEA0F1000D7600 /* Storage.swift */,
				84F4207029EEA0F1000D7600 /* Persistence.swift */,
				84F4207129EEA0F1000D7600 /* FileManager.swift */,
			);
			path = Storage;
			sourceTree = "<group>";
		};
		84F8850A2A07F79500B35956 /* Cryptography */ = {
			isa = PBXGroup;
			children = (
				84F8850B2A07F7A000B35956 /* Encrypter.swift */,
				84F8850D2A07F7AC00B35956 /* Decrypter.swift */,
				84E4C5112A249E87005D793F /* Cryptography.swift */,
				84E4C5132A25CEA2005D793F /* PasswordGenerator.swift */,
			);
			path = Cryptography;
			sourceTree = "<group>";
		};
/* End PBXGroup section */

/* Begin PBXNativeTarget section */
		842EAC6629D832670014C8F8 /* Protecto Pass */ = {
			isa = PBXNativeTarget;
			buildConfigurationList = 842EAC9129D832680014C8F8 /* Build configuration list for PBXNativeTarget "Protecto Pass" */;
			buildPhases = (
				842EAC6329D832670014C8F8 /* Sources */,
				842EAC6429D832670014C8F8 /* Frameworks */,
				842EAC6529D832670014C8F8 /* Resources */,
			);
			buildRules = (
			);
			dependencies = (
			);
			name = "Protecto Pass";
			productName = "Protecto Pass";
			productReference = 842EAC6729D832670014C8F8 /* Protecto Pass.app */;
			productType = "com.apple.product-type.application";
		};
		842EAC7C29D832680014C8F8 /* Protecto PassTests */ = {
			isa = PBXNativeTarget;
			buildConfigurationList = 842EAC9429D832680014C8F8 /* Build configuration list for PBXNativeTarget "Protecto PassTests" */;
			buildPhases = (
				842EAC7929D832680014C8F8 /* Sources */,
				842EAC7A29D832680014C8F8 /* Frameworks */,
				842EAC7B29D832680014C8F8 /* Resources */,
			);
			buildRules = (
			);
			dependencies = (
				842EAC7F29D832680014C8F8 /* PBXTargetDependency */,
			);
			name = "Protecto PassTests";
			productName = "Protecto PassTests";
			productReference = 842EAC7D29D832680014C8F8 /* Protecto PassTests.xctest */;
			productType = "com.apple.product-type.bundle.unit-test";
		};
		842EAC8629D832680014C8F8 /* Protecto PassUITests */ = {
			isa = PBXNativeTarget;
			buildConfigurationList = 842EAC9729D832680014C8F8 /* Build configuration list for PBXNativeTarget "Protecto PassUITests" */;
			buildPhases = (
				842EAC8329D832680014C8F8 /* Sources */,
				842EAC8429D832680014C8F8 /* Frameworks */,
				842EAC8529D832680014C8F8 /* Resources */,
			);
			buildRules = (
			);
			dependencies = (
				842EAC8929D832680014C8F8 /* PBXTargetDependency */,
			);
			name = "Protecto PassUITests";
			productName = "Protecto PassUITests";
			productReference = 842EAC8729D832680014C8F8 /* Protecto PassUITests.xctest */;
			productType = "com.apple.product-type.bundle.ui-testing";
		};
/* End PBXNativeTarget section */

/* Begin PBXProject section */
		842EAC5F29D832670014C8F8 /* Project object */ = {
			isa = PBXProject;
			attributes = {
				BuildIndependentTargetsInParallel = 1;
				LastSwiftUpdateCheck = 1430;
				LastUpgradeCheck = 1430;
				TargetAttributes = {
					842EAC6629D832670014C8F8 = {
						CreatedOnToolsVersion = 14.3;
					};
					842EAC7C29D832680014C8F8 = {
						CreatedOnToolsVersion = 14.3;
						TestTargetID = 842EAC6629D832670014C8F8;
					};
					842EAC8629D832680014C8F8 = {
						CreatedOnToolsVersion = 14.3;
						TestTargetID = 842EAC6629D832670014C8F8;
					};
				};
			};
			buildConfigurationList = 842EAC6229D832670014C8F8 /* Build configuration list for PBXProject "Protecto Pass" */;
			compatibilityVersion = "Xcode 14.0";
			developmentRegion = en;
			hasScannedForEncodings = 0;
			knownRegions = (
				en,
				Base,
			);
			mainGroup = 842EAC5E29D832670014C8F8;
			productRefGroup = 842EAC6829D832670014C8F8 /* Products */;
			projectDirPath = "";
			projectRoot = "";
			targets = (
				842EAC6629D832670014C8F8 /* Protecto Pass */,
				842EAC7C29D832680014C8F8 /* Protecto PassTests */,
				842EAC8629D832680014C8F8 /* Protecto PassUITests */,
			);
		};
/* End PBXProject section */

/* Begin PBXResourcesBuildPhase section */
		842EAC6529D832670014C8F8 /* Resources */ = {
			isa = PBXResourcesBuildPhase;
			buildActionMask = 2147483647;
			files = (
				842EAC7229D832680014C8F8 /* Preview Assets.xcassets in Resources */,
				842EAC6F29D832680014C8F8 /* Assets.xcassets in Resources */,
			);
			runOnlyForDeploymentPostprocessing = 0;
		};
		842EAC7B29D832680014C8F8 /* Resources */ = {
			isa = PBXResourcesBuildPhase;
			buildActionMask = 2147483647;
			files = (
			);
			runOnlyForDeploymentPostprocessing = 0;
		};
		842EAC8529D832680014C8F8 /* Resources */ = {
			isa = PBXResourcesBuildPhase;
			buildActionMask = 2147483647;
			files = (
			);
			runOnlyForDeploymentPostprocessing = 0;
		};
/* End PBXResourcesBuildPhase section */

/* Begin PBXSourcesBuildPhase section */
		842EAC6329D832670014C8F8 /* Sources */ = {
			isa = PBXSourcesBuildPhase;
			buildActionMask = 2147483647;
			files = (
				84F8850E2A07F7AC00B35956 /* Decrypter.swift in Sources */,
				84F4207C29EEA0F2000D7600 /* FileManager.swift in Sources */,
				84922B3B2A21F15600CE7945 /* Home.swift in Sources */,
				84F4207729EEA0F2000D7600 /* DB_Header.swift in Sources */,
				84F4207829EEA0F2000D7600 /* Database.swift in Sources */,
				84F4207B29EEA0F2000D7600 /* Persistence.swift in Sources */,
				84E4C5142A25CEA2005D793F /* PasswordGenerator.swift in Sources */,
				84E4C5122A249E87005D793F /* Cryptography.swift in Sources */,
				84F4207329EEA0F2000D7600 /* CD_Entry+CoreDataClass.swift in Sources */,
				84922B362A21E18500CE7945 /* DB_Converter.swift in Sources */,
				848480B429EFF09D008EA77C /* AddDB.swift in Sources */,
				84922B392A21F11300CE7945 /* SetUpView.swift in Sources */,
				84F4207929EEA0F2000D7600 /* Protecto_Pass.xcdatamodeld in Sources */,
				84F4207429EEA0F2000D7600 /* CD_Folder+CoreDataClass.swift in Sources */,
				84F8850C2A07F7A000B35956 /* Encrypter.swift in Sources */,
				84F4207529EEA0F2000D7600 /* Folder.swift in Sources */,
				84F4207229EEA0F2000D7600 /* CD_Database+CoreDataClass.swift in Sources */,
				84F4207629EEA0F2000D7600 /* Entry.swift in Sources */,
				842EAC6D29D832670014C8F8 /* Welcome.swift in Sources */,
				842EAC6B29D832670014C8F8 /* Protecto_PassApp.swift in Sources */,
				84F4207A29EEA0F2000D7600 /* Storage.swift in Sources */,
				84E4C5172A263FB8005D793F /* AddDB_Password.swift in Sources */,
				84F4209B29EEA22A000D7600 /* UnlockDB.swift in Sources */,
			);
			runOnlyForDeploymentPostprocessing = 0;
		};
		842EAC7929D832680014C8F8 /* Sources */ = {
			isa = PBXSourcesBuildPhase;
			buildActionMask = 2147483647;
			files = (
				842EAC8229D832680014C8F8 /* Protecto_PassTests.swift in Sources */,
			);
			runOnlyForDeploymentPostprocessing = 0;
		};
		842EAC8329D832680014C8F8 /* Sources */ = {
			isa = PBXSourcesBuildPhase;
			buildActionMask = 2147483647;
			files = (
				842EAC8C29D832680014C8F8 /* Protecto_PassUITests.swift in Sources */,
				842EAC8E29D832680014C8F8 /* Protecto_PassUITestsLaunchTests.swift in Sources */,
			);
			runOnlyForDeploymentPostprocessing = 0;
		};
/* End PBXSourcesBuildPhase section */

/* Begin PBXTargetDependency section */
		842EAC7F29D832680014C8F8 /* PBXTargetDependency */ = {
			isa = PBXTargetDependency;
			target = 842EAC6629D832670014C8F8 /* Protecto Pass */;
			targetProxy = 842EAC7E29D832680014C8F8 /* PBXContainerItemProxy */;
		};
		842EAC8929D832680014C8F8 /* PBXTargetDependency */ = {
			isa = PBXTargetDependency;
			target = 842EAC6629D832670014C8F8 /* Protecto Pass */;
			targetProxy = 842EAC8829D832680014C8F8 /* PBXContainerItemProxy */;
		};
/* End PBXTargetDependency section */

/* Begin XCBuildConfiguration section */
		842EAC8F29D832680014C8F8 /* Debug */ = {
			isa = XCBuildConfiguration;
			buildSettings = {
				ALWAYS_SEARCH_USER_PATHS = NO;
				CLANG_ANALYZER_NONNULL = YES;
				CLANG_ANALYZER_NUMBER_OBJECT_CONVERSION = YES_AGGRESSIVE;
				CLANG_CXX_LANGUAGE_STANDARD = "gnu++20";
				CLANG_ENABLE_MODULES = YES;
				CLANG_ENABLE_OBJC_ARC = YES;
				CLANG_ENABLE_OBJC_WEAK = YES;
				CLANG_WARN_BLOCK_CAPTURE_AUTORELEASING = YES;
				CLANG_WARN_BOOL_CONVERSION = YES;
				CLANG_WARN_COMMA = YES;
				CLANG_WARN_CONSTANT_CONVERSION = YES;
				CLANG_WARN_DEPRECATED_OBJC_IMPLEMENTATIONS = YES;
				CLANG_WARN_DIRECT_OBJC_ISA_USAGE = YES_ERROR;
				CLANG_WARN_DOCUMENTATION_COMMENTS = YES;
				CLANG_WARN_EMPTY_BODY = YES;
				CLANG_WARN_ENUM_CONVERSION = YES;
				CLANG_WARN_INFINITE_RECURSION = YES;
				CLANG_WARN_INT_CONVERSION = YES;
				CLANG_WARN_NON_LITERAL_NULL_CONVERSION = YES;
				CLANG_WARN_OBJC_IMPLICIT_RETAIN_SELF = YES;
				CLANG_WARN_OBJC_LITERAL_CONVERSION = YES;
				CLANG_WARN_OBJC_ROOT_CLASS = YES_ERROR;
				CLANG_WARN_QUOTED_INCLUDE_IN_FRAMEWORK_HEADER = YES;
				CLANG_WARN_RANGE_LOOP_ANALYSIS = YES;
				CLANG_WARN_STRICT_PROTOTYPES = YES;
				CLANG_WARN_SUSPICIOUS_MOVE = YES;
				CLANG_WARN_UNGUARDED_AVAILABILITY = YES_AGGRESSIVE;
				CLANG_WARN_UNREACHABLE_CODE = YES;
				CLANG_WARN__DUPLICATE_METHOD_MATCH = YES;
				COPY_PHASE_STRIP = NO;
				DEBUG_INFORMATION_FORMAT = dwarf;
				ENABLE_STRICT_OBJC_MSGSEND = YES;
				ENABLE_TESTABILITY = YES;
				GCC_C_LANGUAGE_STANDARD = gnu11;
				GCC_DYNAMIC_NO_PIC = NO;
				GCC_NO_COMMON_BLOCKS = YES;
				GCC_OPTIMIZATION_LEVEL = 0;
				GCC_PREPROCESSOR_DEFINITIONS = (
					"DEBUG=1",
					"$(inherited)",
				);
				GCC_WARN_64_TO_32_BIT_CONVERSION = YES;
				GCC_WARN_ABOUT_RETURN_TYPE = YES_ERROR;
				GCC_WARN_UNDECLARED_SELECTOR = YES;
				GCC_WARN_UNINITIALIZED_AUTOS = YES_AGGRESSIVE;
				GCC_WARN_UNUSED_FUNCTION = YES;
				GCC_WARN_UNUSED_VARIABLE = YES;
				IPHONEOS_DEPLOYMENT_TARGET = 16.4;
				MTL_ENABLE_DEBUG_INFO = INCLUDE_SOURCE;
				MTL_FAST_MATH = YES;
				ONLY_ACTIVE_ARCH = YES;
				SDKROOT = iphoneos;
				SWIFT_ACTIVE_COMPILATION_CONDITIONS = DEBUG;
				SWIFT_OPTIMIZATION_LEVEL = "-Onone";
			};
			name = Debug;
		};
		842EAC9029D832680014C8F8 /* Release */ = {
			isa = XCBuildConfiguration;
			buildSettings = {
				ALWAYS_SEARCH_USER_PATHS = NO;
				CLANG_ANALYZER_NONNULL = YES;
				CLANG_ANALYZER_NUMBER_OBJECT_CONVERSION = YES_AGGRESSIVE;
				CLANG_CXX_LANGUAGE_STANDARD = "gnu++20";
				CLANG_ENABLE_MODULES = YES;
				CLANG_ENABLE_OBJC_ARC = YES;
				CLANG_ENABLE_OBJC_WEAK = YES;
				CLANG_WARN_BLOCK_CAPTURE_AUTORELEASING = YES;
				CLANG_WARN_BOOL_CONVERSION = YES;
				CLANG_WARN_COMMA = YES;
				CLANG_WARN_CONSTANT_CONVERSION = YES;
				CLANG_WARN_DEPRECATED_OBJC_IMPLEMENTATIONS = YES;
				CLANG_WARN_DIRECT_OBJC_ISA_USAGE = YES_ERROR;
				CLANG_WARN_DOCUMENTATION_COMMENTS = YES;
				CLANG_WARN_EMPTY_BODY = YES;
				CLANG_WARN_ENUM_CONVERSION = YES;
				CLANG_WARN_INFINITE_RECURSION = YES;
				CLANG_WARN_INT_CONVERSION = YES;
				CLANG_WARN_NON_LITERAL_NULL_CONVERSION = YES;
				CLANG_WARN_OBJC_IMPLICIT_RETAIN_SELF = YES;
				CLANG_WARN_OBJC_LITERAL_CONVERSION = YES;
				CLANG_WARN_OBJC_ROOT_CLASS = YES_ERROR;
				CLANG_WARN_QUOTED_INCLUDE_IN_FRAMEWORK_HEADER = YES;
				CLANG_WARN_RANGE_LOOP_ANALYSIS = YES;
				CLANG_WARN_STRICT_PROTOTYPES = YES;
				CLANG_WARN_SUSPICIOUS_MOVE = YES;
				CLANG_WARN_UNGUARDED_AVAILABILITY = YES_AGGRESSIVE;
				CLANG_WARN_UNREACHABLE_CODE = YES;
				CLANG_WARN__DUPLICATE_METHOD_MATCH = YES;
				COPY_PHASE_STRIP = NO;
				DEBUG_INFORMATION_FORMAT = "dwarf-with-dsym";
				ENABLE_NS_ASSERTIONS = NO;
				ENABLE_STRICT_OBJC_MSGSEND = YES;
				GCC_C_LANGUAGE_STANDARD = gnu11;
				GCC_NO_COMMON_BLOCKS = YES;
				GCC_WARN_64_TO_32_BIT_CONVERSION = YES;
				GCC_WARN_ABOUT_RETURN_TYPE = YES_ERROR;
				GCC_WARN_UNDECLARED_SELECTOR = YES;
				GCC_WARN_UNINITIALIZED_AUTOS = YES_AGGRESSIVE;
				GCC_WARN_UNUSED_FUNCTION = YES;
				GCC_WARN_UNUSED_VARIABLE = YES;
				IPHONEOS_DEPLOYMENT_TARGET = 16.4;
				MTL_ENABLE_DEBUG_INFO = NO;
				MTL_FAST_MATH = YES;
				SDKROOT = iphoneos;
				SWIFT_COMPILATION_MODE = wholemodule;
				SWIFT_OPTIMIZATION_LEVEL = "-O";
				VALIDATE_PRODUCT = YES;
			};
			name = Release;
		};
		842EAC9229D832680014C8F8 /* Debug */ = {
			isa = XCBuildConfiguration;
			buildSettings = {
				ASSETCATALOG_COMPILER_APPICON_NAME = AppIcon;
				ASSETCATALOG_COMPILER_GLOBAL_ACCENT_COLOR_NAME = AccentColor;
				CODE_SIGN_ENTITLEMENTS = "Protecto Pass/Protecto Pass.entitlements";
				CODE_SIGN_STYLE = Automatic;
				CURRENT_PROJECT_VERSION = 1;
				DEVELOPMENT_ASSET_PATHS = "\"Protecto Pass/Preview Content\"";
				DEVELOPMENT_TEAM = Q87UDX5898;
				ENABLE_PREVIEWS = YES;
				GENERATE_INFOPLIST_FILE = YES;
				INFOPLIST_FILE = "Protecto-Pass-Info.plist";
				INFOPLIST_KEY_CFBundleDisplayName = "Protecto Pass";
				INFOPLIST_KEY_LSApplicationCategoryType = "public.app-category.utilities";
				INFOPLIST_KEY_UIApplicationSceneManifest_Generation = YES;
				INFOPLIST_KEY_UIApplicationSupportsIndirectInputEvents = YES;
				INFOPLIST_KEY_UILaunchScreen_Generation = YES;
				INFOPLIST_KEY_UISupportedInterfaceOrientations = UIInterfaceOrientationPortrait;
				INFOPLIST_KEY_UISupportedInterfaceOrientations_iPad = "UIInterfaceOrientationLandscapeLeft UIInterfaceOrientationLandscapeRight UIInterfaceOrientationPortrait UIInterfaceOrientationPortraitUpsideDown";
				LD_RUNPATH_SEARCH_PATHS = (
					"$(inherited)",
					"@executable_path/Frameworks",
				);
				MARKETING_VERSION = 1.0;
				PRODUCT_BUNDLE_IDENTIFIER = "dev.jules.Protecto-Pass";
				PRODUCT_NAME = "$(TARGET_NAME)";
				SWIFT_EMIT_LOC_STRINGS = YES;
				SWIFT_VERSION = 5.0;
				TARGETED_DEVICE_FAMILY = "1,2";
			};
			name = Debug;
		};
		842EAC9329D832680014C8F8 /* Release */ = {
			isa = XCBuildConfiguration;
			buildSettings = {
				ASSETCATALOG_COMPILER_APPICON_NAME = AppIcon;
				ASSETCATALOG_COMPILER_GLOBAL_ACCENT_COLOR_NAME = AccentColor;
				CODE_SIGN_ENTITLEMENTS = "Protecto Pass/Protecto Pass.entitlements";
				CODE_SIGN_STYLE = Automatic;
				CURRENT_PROJECT_VERSION = 1;
				DEVELOPMENT_ASSET_PATHS = "\"Protecto Pass/Preview Content\"";
				DEVELOPMENT_TEAM = Q87UDX5898;
				ENABLE_PREVIEWS = YES;
				GENERATE_INFOPLIST_FILE = YES;
				INFOPLIST_FILE = "Protecto-Pass-Info.plist";
				INFOPLIST_KEY_CFBundleDisplayName = "Protecto Pass";
				INFOPLIST_KEY_LSApplicationCategoryType = "public.app-category.utilities";
				INFOPLIST_KEY_UIApplicationSceneManifest_Generation = YES;
				INFOPLIST_KEY_UIApplicationSupportsIndirectInputEvents = YES;
				INFOPLIST_KEY_UILaunchScreen_Generation = YES;
				INFOPLIST_KEY_UISupportedInterfaceOrientations = UIInterfaceOrientationPortrait;
				INFOPLIST_KEY_UISupportedInterfaceOrientations_iPad = "UIInterfaceOrientationLandscapeLeft UIInterfaceOrientationLandscapeRight UIInterfaceOrientationPortrait UIInterfaceOrientationPortraitUpsideDown";
				LD_RUNPATH_SEARCH_PATHS = (
					"$(inherited)",
					"@executable_path/Frameworks",
				);
				MARKETING_VERSION = 1.0;
				PRODUCT_BUNDLE_IDENTIFIER = "dev.jules.Protecto-Pass";
				PRODUCT_NAME = "$(TARGET_NAME)";
				SWIFT_EMIT_LOC_STRINGS = YES;
				SWIFT_VERSION = 5.0;
				TARGETED_DEVICE_FAMILY = "1,2";
			};
			name = Release;
		};
		842EAC9529D832680014C8F8 /* Debug */ = {
			isa = XCBuildConfiguration;
			buildSettings = {
				ALWAYS_EMBED_SWIFT_STANDARD_LIBRARIES = YES;
				BUNDLE_LOADER = "$(TEST_HOST)";
				CODE_SIGN_STYLE = Automatic;
				CURRENT_PROJECT_VERSION = 1;
				DEVELOPMENT_TEAM = Q87UDX5898;
				GENERATE_INFOPLIST_FILE = YES;
				IPHONEOS_DEPLOYMENT_TARGET = 16.4;
				MARKETING_VERSION = 1.0;
				PRODUCT_BUNDLE_IDENTIFIER = "dev.jules.Protecto-PassTests";
				PRODUCT_NAME = "$(TARGET_NAME)";
				SWIFT_EMIT_LOC_STRINGS = NO;
				SWIFT_VERSION = 5.0;
				TARGETED_DEVICE_FAMILY = "1,2";
				TEST_HOST = "$(BUILT_PRODUCTS_DIR)/Protecto Pass.app/$(BUNDLE_EXECUTABLE_FOLDER_PATH)/Protecto Pass";
			};
			name = Debug;
		};
		842EAC9629D832680014C8F8 /* Release */ = {
			isa = XCBuildConfiguration;
			buildSettings = {
				ALWAYS_EMBED_SWIFT_STANDARD_LIBRARIES = YES;
				BUNDLE_LOADER = "$(TEST_HOST)";
				CODE_SIGN_STYLE = Automatic;
				CURRENT_PROJECT_VERSION = 1;
				DEVELOPMENT_TEAM = Q87UDX5898;
				GENERATE_INFOPLIST_FILE = YES;
				IPHONEOS_DEPLOYMENT_TARGET = 16.4;
				MARKETING_VERSION = 1.0;
				PRODUCT_BUNDLE_IDENTIFIER = "dev.jules.Protecto-PassTests";
				PRODUCT_NAME = "$(TARGET_NAME)";
				SWIFT_EMIT_LOC_STRINGS = NO;
				SWIFT_VERSION = 5.0;
				TARGETED_DEVICE_FAMILY = "1,2";
				TEST_HOST = "$(BUILT_PRODUCTS_DIR)/Protecto Pass.app/$(BUNDLE_EXECUTABLE_FOLDER_PATH)/Protecto Pass";
			};
			name = Release;
		};
		842EAC9829D832680014C8F8 /* Debug */ = {
			isa = XCBuildConfiguration;
			buildSettings = {
				ALWAYS_EMBED_SWIFT_STANDARD_LIBRARIES = YES;
				CODE_SIGN_STYLE = Automatic;
				CURRENT_PROJECT_VERSION = 1;
				DEVELOPMENT_TEAM = Q87UDX5898;
				GENERATE_INFOPLIST_FILE = YES;
				MARKETING_VERSION = 1.0;
				PRODUCT_BUNDLE_IDENTIFIER = "dev.jules.Protecto-PassUITests";
				PRODUCT_NAME = "$(TARGET_NAME)";
				SWIFT_EMIT_LOC_STRINGS = NO;
				SWIFT_VERSION = 5.0;
				TARGETED_DEVICE_FAMILY = "1,2";
				TEST_TARGET_NAME = "Protecto Pass";
			};
			name = Debug;
		};
		842EAC9929D832680014C8F8 /* Release */ = {
			isa = XCBuildConfiguration;
			buildSettings = {
				ALWAYS_EMBED_SWIFT_STANDARD_LIBRARIES = YES;
				CODE_SIGN_STYLE = Automatic;
				CURRENT_PROJECT_VERSION = 1;
				DEVELOPMENT_TEAM = Q87UDX5898;
				GENERATE_INFOPLIST_FILE = YES;
				MARKETING_VERSION = 1.0;
				PRODUCT_BUNDLE_IDENTIFIER = "dev.jules.Protecto-PassUITests";
				PRODUCT_NAME = "$(TARGET_NAME)";
				SWIFT_EMIT_LOC_STRINGS = NO;
				SWIFT_VERSION = 5.0;
				TARGETED_DEVICE_FAMILY = "1,2";
				TEST_TARGET_NAME = "Protecto Pass";
			};
			name = Release;
		};
/* End XCBuildConfiguration section */

/* Begin XCConfigurationList section */
		842EAC6229D832670014C8F8 /* Build configuration list for PBXProject "Protecto Pass" */ = {
			isa = XCConfigurationList;
			buildConfigurations = (
				842EAC8F29D832680014C8F8 /* Debug */,
				842EAC9029D832680014C8F8 /* Release */,
			);
			defaultConfigurationIsVisible = 0;
			defaultConfigurationName = Release;
		};
		842EAC9129D832680014C8F8 /* Build configuration list for PBXNativeTarget "Protecto Pass" */ = {
			isa = XCConfigurationList;
			buildConfigurations = (
				842EAC9229D832680014C8F8 /* Debug */,
				842EAC9329D832680014C8F8 /* Release */,
			);
			defaultConfigurationIsVisible = 0;
			defaultConfigurationName = Release;
		};
		842EAC9429D832680014C8F8 /* Build configuration list for PBXNativeTarget "Protecto PassTests" */ = {
			isa = XCConfigurationList;
			buildConfigurations = (
				842EAC9529D832680014C8F8 /* Debug */,
				842EAC9629D832680014C8F8 /* Release */,
			);
			defaultConfigurationIsVisible = 0;
			defaultConfigurationName = Release;
		};
		842EAC9729D832680014C8F8 /* Build configuration list for PBXNativeTarget "Protecto PassUITests" */ = {
			isa = XCConfigurationList;
			buildConfigurations = (
				842EAC9829D832680014C8F8 /* Debug */,
				842EAC9929D832680014C8F8 /* Release */,
			);
			defaultConfigurationIsVisible = 0;
			defaultConfigurationName = Release;
		};
/* End XCConfigurationList section */

/* Begin XCVersionGroup section */
		84F4206C29EEA0F1000D7600 /* Protecto_Pass.xcdatamodeld */ = {
			isa = XCVersionGroup;
			children = (
				84F4206D29EEA0F1000D7600 /* Protecto_Pass.xcdatamodel */,
			);
			currentVersion = 84F4206D29EEA0F1000D7600 /* Protecto_Pass.xcdatamodel */;
			path = Protecto_Pass.xcdatamodeld;
			sourceTree = "<group>";
			versionGroupType = wrapper.xcdatamodel;
		};
/* End XCVersionGroup section */
	};
	rootObject = 842EAC5F29D832670014C8F8 /* Project object */;
}
